// !$*UTF8*$!
{
	archiveVersion = 1;
	classes = {
	};
	objectVersion = 46;
	objects = {

/* Begin PBXBuildFile section */
		41CD6C6515BF7574005E6F29 /* AppController.mm in Sources */ = {isa = PBXBuildFile; fileRef = 41CD6C6315BF7574005E6F29 /* AppController.mm */; };
		41CD6C6615BF7574005E6F29 /* main.m in Sources */ = {isa = PBXBuildFile; fileRef = 41CD6C6415BF7574005E6F29 /* main.m */; };
		41CD6C6E15BF7673005E6F29 /* InfoPlist.strings in Resources */ = {isa = PBXBuildFile; fileRef = 41CD6C6815BF7673005E6F29 /* InfoPlist.strings */; };
		41CD6C6F15BF7673005E6F29 /* MainMenu.xib in Resources */ = {isa = PBXBuildFile; fileRef = 41CD6C6A15BF7673005E6F29 /* MainMenu.xib */; };
		41CD6C8F15BF7793005E6F29 /* AppKit.framework in Frameworks */ = {isa = PBXBuildFile; fileRef = 41CD6C8715BF7793005E6F29 /* AppKit.framework */; };
		41CD6C9015BF7793005E6F29 /* AudioToolbox.framework in Frameworks */ = {isa = PBXBuildFile; fileRef = 41CD6C8815BF7793005E6F29 /* AudioToolbox.framework */; };
		41CD6C9115BF7793005E6F29 /* Cocoa.framework in Frameworks */ = {isa = PBXBuildFile; fileRef = 41CD6C8915BF7793005E6F29 /* Cocoa.framework */; };
		41CD6C9215BF7793005E6F29 /* CoreFoundation.framework in Frameworks */ = {isa = PBXBuildFile; fileRef = 41CD6C8A15BF7793005E6F29 /* CoreFoundation.framework */; };
		41CD6C9315BF7793005E6F29 /* Foundation.framework in Frameworks */ = {isa = PBXBuildFile; fileRef = 41CD6C8B15BF7793005E6F29 /* Foundation.framework */; };
		41CD6C9415BF7793005E6F29 /* OpenAL.framework in Frameworks */ = {isa = PBXBuildFile; fileRef = 41CD6C8C15BF7793005E6F29 /* OpenAL.framework */; };
		41CD6C9515BF7793005E6F29 /* OpenGL.framework in Frameworks */ = {isa = PBXBuildFile; fileRef = 41CD6C8D15BF7793005E6F29 /* OpenGL.framework */; };
		41CD6C9615BF7793005E6F29 /* QuartzCore.framework in Frameworks */ = {isa = PBXBuildFile; fileRef = 41CD6C8E15BF7793005E6F29 /* QuartzCore.framework */; };
		78605304174FABF400ACE2D3 /* libz.dylib in Frameworks */ = {isa = PBXBuildFile; fileRef = 78605303174FABF400ACE2D3 /* libz.dylib */; };
		78857F55179EBE6400AB657C /* icon_properties@2x.png in Resources */ = {isa = PBXBuildFile; fileRef = 78857F54179EBE6400AB657C /* icon_properties@2x.png */; };
		78AEFB601787609800CD5109 /* Project Birds_Info.plist in Resources */ = {isa = PBXBuildFile; fileRef = 78AEFB5F1787609800CD5109 /* Project Birds_Info.plist */; };
		78B37D43177E4B0E00773C6A /* libcocos2dx.a in Frameworks */ = {isa = PBXBuildFile; fileRef = 78B37D42177E4B0E00773C6A /* libcocos2dx.a */; };
		78D91C31179E716F00F4C6C3 /* Comic Sans MS.ttf in Resources */ = {isa = PBXBuildFile; fileRef = 78D91B65179E716F00F4C6C3 /* Comic Sans MS.ttf */; };
		78D91C32179E716F00F4C6C3 /* about_scroll_border@2x.png in Resources */ = {isa = PBXBuildFile; fileRef = 78D91B68179E716F00F4C6C3 /* about_scroll_border@2x.png */; };
		78D91C33179E716F00F4C6C3 /* about_scroll_border_small@2x.png in Resources */ = {isa = PBXBuildFile; fileRef = 78D91B69179E716F00F4C6C3 /* about_scroll_border_small@2x.png */; };
		78D91C34179E716F00F4C6C3 /* about_scroll_fill@2x.png in Resources */ = {isa = PBXBuildFile; fileRef = 78D91B6A179E716F00F4C6C3 /* about_scroll_fill@2x.png */; };
		78D91C35179E716F00F4C6C3 /* about_scroll_fill_small@2x.png in Resources */ = {isa = PBXBuildFile; fileRef = 78D91B6B179E716F00F4C6C3 /* about_scroll_fill_small@2x.png */; };
		78D91C36179E716F00F4C6C3 /* bar_remove@2x.png in Resources */ = {isa = PBXBuildFile; fileRef = 78D91B6C179E716F00F4C6C3 /* bar_remove@2x.png */; };
		78D91C37179E716F00F4C6C3 /* birds_feather_sprite@2x.png in Resources */ = {isa = PBXBuildFile; fileRef = 78D91B6D179E716F00F4C6C3 /* birds_feather_sprite@2x.png */; };
		78D91C38179E716F00F4C6C3 /* birds_sprite@2x.png in Resources */ = {isa = PBXBuildFile; fileRef = 78D91B6E179E716F00F4C6C3 /* birds_sprite@2x.png */; };
		78D91C39179E716F00F4C6C3 /* btn_mfx_sprite@2x.png in Resources */ = {isa = PBXBuildFile; fileRef = 78D91B6F179E716F00F4C6C3 /* btn_mfx_sprite@2x.png */; };
		78D91C3A179E716F00F4C6C3 /* btn_sprite@2x.png in Resources */ = {isa = PBXBuildFile; fileRef = 78D91B70179E716F00F4C6C3 /* btn_sprite@2x.png */; };
		78D91C3B179E716F00F4C6C3 /* choose_box_lvl_sprite@2x.png in Resources */ = {isa = PBXBuildFile; fileRef = 78D91B71179E716F00F4C6C3 /* choose_box_lvl_sprite@2x.png */; };
		78D91C3C179E716F00F4C6C3 /* choose_box_name@2x.png in Resources */ = {isa = PBXBuildFile; fileRef = 78D91B72179E716F00F4C6C3 /* choose_box_name@2x.png */; };
		78D91C3D179E716F00F4C6C3 /* choose_box_navi_sprite@2x.png in Resources */ = {isa = PBXBuildFile; fileRef = 78D91B73179E716F00F4C6C3 /* choose_box_navi_sprite@2x.png */; };
		78D91C3E179E716F00F4C6C3 /* coins@2x.png in Resources */ = {isa = PBXBuildFile; fileRef = 78D91B74179E716F00F4C6C3 /* coins@2x.png */; };
		78D91C3F179E716F00F4C6C3 /* confety_sprite@2x.png in Resources */ = {isa = PBXBuildFile; fileRef = 78D91B75179E716F00F4C6C3 /* confety_sprite@2x.png */; };
		78D91C40179E716F00F4C6C3 /* dust@2x.png in Resources */ = {isa = PBXBuildFile; fileRef = 78D91B76179E716F00F4C6C3 /* dust@2x.png */; };
		78D91C41179E716F00F4C6C3 /* end_lvl_bg_popup@2x.png in Resources */ = {isa = PBXBuildFile; fileRef = 78D91B77179E716F00F4C6C3 /* end_lvl_bg_popup@2x.png */; };
		78D91C42179E716F00F4C6C3 /* end_lvl_bg_sprite@2x.png in Resources */ = {isa = PBXBuildFile; fileRef = 78D91B78179E716F00F4C6C3 /* end_lvl_bg_sprite@2x.png */; };
		78D91C43179E716F00F4C6C3 /* end_lvl_btn_sprite@2x.png in Resources */ = {isa = PBXBuildFile; fileRef = 78D91B79179E716F00F4C6C3 /* end_lvl_btn_sprite@2x.png */; };
		78D91C44179E716F00F4C6C3 /* end_lvl_star_sprite@2x.png in Resources */ = {isa = PBXBuildFile; fileRef = 78D91B7A179E716F00F4C6C3 /* end_lvl_star_sprite@2x.png */; };
		78D91C45179E716F00F4C6C3 /* explosion@2x.png in Resources */ = {isa = PBXBuildFile; fileRef = 78D91B7B179E716F00F4C6C3 /* explosion@2x.png */; };
		78D91C46179E716F00F4C6C3 /* flag_sprite_big@2x.png in Resources */ = {isa = PBXBuildFile; fileRef = 78D91B7C179E716F00F4C6C3 /* flag_sprite_big@2x.png */; };
		78D91C47179E716F00F4C6C3 /* flag_sprite_small@2x.png in Resources */ = {isa = PBXBuildFile; fileRef = 78D91B7D179E716F00F4C6C3 /* flag_sprite_small@2x.png */; };
		78D91C48179E716F00F4C6C3 /* game_gui_bg_summer@2x copy.png in Resources */ = {isa = PBXBuildFile; fileRef = 78D91B7E179E716F00F4C6C3 /* game_gui_bg_summer@2x copy.png */; };
		78D91C49179E716F00F4C6C3 /* game_gui_bg_summer@2x.png in Resources */ = {isa = PBXBuildFile; fileRef = 78D91B7F179E716F00F4C6C3 /* game_gui_bg_summer@2x.png */; };
		78D91C4A179E716F00F4C6C3 /* game_gui_btn_sprite@2x.png in Resources */ = {isa = PBXBuildFile; fileRef = 78D91B80179E716F00F4C6C3 /* game_gui_btn_sprite@2x.png */; };
		78D91C4B179E716F00F4C6C3 /* get_coins_light@2x.png in Resources */ = {isa = PBXBuildFile; fileRef = 78D91B81179E716F00F4C6C3 /* get_coins_light@2x.png */; };
		78D91C4C179E716F00F4C6C3 /* main_menu_bg@2x.png in Resources */ = {isa = PBXBuildFile; fileRef = 78D91B82179E716F00F4C6C3 /* main_menu_bg@2x.png */; };
		78D91C4D179E716F00F4C6C3 /* main_menu_bg_back@2x.png in Resources */ = {isa = PBXBuildFile; fileRef = 78D91B83179E716F00F4C6C3 /* main_menu_bg_back@2x.png */; };
		78D91C4E179E716F00F4C6C3 /* main_menu_btn_bg_play@2x.png in Resources */ = {isa = PBXBuildFile; fileRef = 78D91B84179E716F00F4C6C3 /* main_menu_btn_bg_play@2x.png */; };
		78D91C4F179E716F00F4C6C3 /* main_menu_btn_shop@2x.png in Resources */ = {isa = PBXBuildFile; fileRef = 78D91B85179E716F00F4C6C3 /* main_menu_btn_shop@2x.png */; };
		78D91C50179E716F00F4C6C3 /* mark@2x.png in Resources */ = {isa = PBXBuildFile; fileRef = 78D91B86179E716F00F4C6C3 /* mark@2x.png */; };
		78D91C51179E716F00F4C6C3 /* play_btn_animation@2x.png in Resources */ = {isa = PBXBuildFile; fileRef = 78D91B87179E716F00F4C6C3 /* play_btn_animation@2x.png */; };
		78D91C52179E716F00F4C6C3 /* popup_bg@2x.png in Resources */ = {isa = PBXBuildFile; fileRef = 78D91B88179E716F00F4C6C3 /* popup_bg@2x.png */; };
		78D91C53179E716F00F4C6C3 /* popup_btn@2x.png in Resources */ = {isa = PBXBuildFile; fileRef = 78D91B89179E716F00F4C6C3 /* popup_btn@2x.png */; };
		78D91C54179E716F00F4C6C3 /* popup_buy_coins_btn_sprite@2x.png in Resources */ = {isa = PBXBuildFile; fileRef = 78D91B8A179E716F00F4C6C3 /* popup_buy_coins_btn_sprite@2x.png */; };
		78D91C55179E716F00F4C6C3 /* popup_darkness@2x.png in Resources */ = {isa = PBXBuildFile; fileRef = 78D91B8B179E716F00F4C6C3 /* popup_darkness@2x.png */; };
		78D91C56179E716F00F4C6C3 /* popup_getcoins_picture@2x.png in Resources */ = {isa = PBXBuildFile; fileRef = 78D91B8C179E716F00F4C6C3 /* popup_getcoins_picture@2x.png */; };
		78D91C57179E716F00F4C6C3 /* popup_item_rate_stars@2x.png in Resources */ = {isa = PBXBuildFile; fileRef = 78D91B8D179E716F00F4C6C3 /* popup_item_rate_stars@2x.png */; };
		78D91C58179E716F00F4C6C3 /* popup_progress_picture@2x.png in Resources */ = {isa = PBXBuildFile; fileRef = 78D91B8E179E716F00F4C6C3 /* popup_progress_picture@2x.png */; };
		78D91C59179E716F00F4C6C3 /* popup_quit_picture@2x.png in Resources */ = {isa = PBXBuildFile; fileRef = 78D91B8F179E716F00F4C6C3 /* popup_quit_picture@2x.png */; };
		78D91C5A179E716F00F4C6C3 /* popup_quit_picture_light_2@2x.png in Resources */ = {isa = PBXBuildFile; fileRef = 78D91B90179E716F00F4C6C3 /* popup_quit_picture_light_2@2x.png */; };
		78D91C5B179E716F00F4C6C3 /* popup_quit_picture_light_main@2x.png in Resources */ = {isa = PBXBuildFile; fileRef = 78D91B91179E716F00F4C6C3 /* popup_quit_picture_light_main@2x.png */; };
		78D91C5C179E716F00F4C6C3 /* popup_rate_picture@2x.png in Resources */ = {isa = PBXBuildFile; fileRef = 78D91B92179E716F00F4C6C3 /* popup_rate_picture@2x.png */; };
		78D91C5D179E716F00F4C6C3 /* preload-lvl-bg@2x.png in Resources */ = {isa = PBXBuildFile; fileRef = 78D91B93179E716F00F4C6C3 /* preload-lvl-bg@2x.png */; };
		78D91C5E179E716F00F4C6C3 /* preload-lvl-bird@2x.png in Resources */ = {isa = PBXBuildFile; fileRef = 78D91B94179E716F00F4C6C3 /* preload-lvl-bird@2x.png */; };
		78D91C5F179E716F00F4C6C3 /* preload-lvl-spiral@2x.png in Resources */ = {isa = PBXBuildFile; fileRef = 78D91B95179E716F00F4C6C3 /* preload-lvl-spiral@2x.png */; };
		78D91C60179E716F00F4C6C3 /* preload-lvl-wave@2x.png in Resources */ = {isa = PBXBuildFile; fileRef = 78D91B96179E716F00F4C6C3 /* preload-lvl-wave@2x.png */; };
		78D91C61179E716F00F4C6C3 /* settings_bg@2x.png in Resources */ = {isa = PBXBuildFile; fileRef = 78D91B97179E716F00F4C6C3 /* settings_bg@2x.png */; };
		78D91C62179E716F00F4C6C3 /* settings_btn_big@2x.png in Resources */ = {isa = PBXBuildFile; fileRef = 78D91B98179E716F00F4C6C3 /* settings_btn_big@2x.png */; };
		78D91C63179E716F00F4C6C3 /* settings_lang_check@2x.png in Resources */ = {isa = PBXBuildFile; fileRef = 78D91B99179E716F00F4C6C3 /* settings_lang_check@2x.png */; };
		78D91C64179E716F00F4C6C3 /* shop_item_icon@2x.png in Resources */ = {isa = PBXBuildFile; fileRef = 78D91B9A179E716F00F4C6C3 /* shop_item_icon@2x.png */; };
		78D91C65179E716F00F4C6C3 /* shop_money_bg@2x.png in Resources */ = {isa = PBXBuildFile; fileRef = 78D91B9B179E716F00F4C6C3 /* shop_money_bg@2x.png */; };
		78D91C66179E716F00F4C6C3 /* shop_shelf_sprite@2x.png in Resources */ = {isa = PBXBuildFile; fileRef = 78D91B9C179E716F00F4C6C3 /* shop_shelf_sprite@2x.png */; };
		78D91C67179E716F00F4C6C3 /* shop_wheel@2x.png in Resources */ = {isa = PBXBuildFile; fileRef = 78D91B9D179E716F00F4C6C3 /* shop_wheel@2x.png */; };
		78D91C68179E716F00F4C6C3 /* start_preloader_bar@2x.png in Resources */ = {isa = PBXBuildFile; fileRef = 78D91B9E179E716F00F4C6C3 /* start_preloader_bar@2x.png */; };
		78D91C69179E716F00F4C6C3 /* start_preloader_bg@2x.png in Resources */ = {isa = PBXBuildFile; fileRef = 78D91B9F179E716F00F4C6C3 /* start_preloader_bg@2x.png */; };
		78D91C6A179E716F00F4C6C3 /* streak0-hd.png in Resources */ = {isa = PBXBuildFile; fileRef = 78D91BA0179E716F00F4C6C3 /* streak0-hd.png */; };
		78D91C6B179E716F00F4C6C3 /* iPad-landscape.png in Resources */ = {isa = PBXBuildFile; fileRef = 78D91BA2179E716F00F4C6C3 /* iPad-landscape.png */; };
		78D91C6C179E716F00F4C6C3 /* iPad-landscape@2x.png in Resources */ = {isa = PBXBuildFile; fileRef = 78D91BA3179E716F00F4C6C3 /* iPad-landscape@2x.png */; };
		78D91C6D179E716F00F4C6C3 /* iPad-portrait.png in Resources */ = {isa = PBXBuildFile; fileRef = 78D91BA4179E716F00F4C6C3 /* iPad-portrait.png */; };
		78D91C6E179E716F00F4C6C3 /* iPad-portrait@2x.png in Resources */ = {isa = PBXBuildFile; fileRef = 78D91BA5179E716F00F4C6C3 /* iPad-portrait@2x.png */; };
		78D91C6F179E716F00F4C6C3 /* iPhone-landscape.png in Resources */ = {isa = PBXBuildFile; fileRef = 78D91BA6179E716F00F4C6C3 /* iPhone-landscape.png */; };
		78D91C70179E716F00F4C6C3 /* iPhone-landscape@2x.png in Resources */ = {isa = PBXBuildFile; fileRef = 78D91BA7179E716F00F4C6C3 /* iPhone-landscape@2x.png */; };
		78D91C71179E716F00F4C6C3 /* iPhone5-landscape@2x.png in Resources */ = {isa = PBXBuildFile; fileRef = 78D91BA8179E716F00F4C6C3 /* iPhone5-landscape@2x.png */; };
		78D91C72179E716F00F4C6C3 /* Icon-36.png in Resources */ = {isa = PBXBuildFile; fileRef = 78D91BAA179E716F00F4C6C3 /* Icon-36.png */; };
		78D91C73179E716F00F4C6C3 /* Icon-48.png in Resources */ = {isa = PBXBuildFile; fileRef = 78D91BAB179E716F00F4C6C3 /* Icon-48.png */; };
		78D91C74179E716F00F4C6C3 /* Icon-512.png in Resources */ = {isa = PBXBuildFile; fileRef = 78D91BAC179E716F00F4C6C3 /* Icon-512.png */; };
		78D91C75179E716F00F4C6C3 /* Icon-72.png in Resources */ = {isa = PBXBuildFile; fileRef = 78D91BAD179E716F00F4C6C3 /* Icon-72.png */; };
		78D91C76179E716F00F4C6C3 /* Icon-96.png in Resources */ = {isa = PBXBuildFile; fileRef = 78D91BAE179E716F00F4C6C3 /* Icon-96.png */; };
		78D91C77179E716F00F4C6C3 /* Info.plist in Resources */ = {isa = PBXBuildFile; fileRef = 78D91BAF179E716F00F4C6C3 /* Info.plist */; };
		78D91C78179E716F00F4C6C3 /* intro.mp4 in Resources */ = {isa = PBXBuildFile; fileRef = 78D91BB0179E716F00F4C6C3 /* intro.mp4 */; };
		78D91C79179E716F00F4C6C3 /* music-1.mp3 in Resources */ = {isa = PBXBuildFile; fileRef = 78D91BB2179E716F00F4C6C3 /* music-1.mp3 */; };
		78D91C7A179E716F00F4C6C3 /* music-2.mp3 in Resources */ = {isa = PBXBuildFile; fileRef = 78D91BB3179E716F00F4C6C3 /* music-2.mp3 */; };
		78D91C7B179E716F00F4C6C3 /* music-3.mp3 in Resources */ = {isa = PBXBuildFile; fileRef = 78D91BB4179E716F00F4C6C3 /* music-3.mp3 */; };
		78D91C7C179E716F00F4C6C3 /* level-end.mp3 in Resources */ = {isa = PBXBuildFile; fileRef = 78D91BB6179E716F00F4C6C3 /* level-end.mp3 */; };
		78D91C7D179E716F00F4C6C3 /* AppDelegate.cpp in Sources */ = {isa = PBXBuildFile; fileRef = 78D91BB8179E716F00F4C6C3 /* AppDelegate.cpp */; };
		78D91C7E179E716F00F4C6C3 /* Bird.cpp in Sources */ = {isa = PBXBuildFile; fileRef = 78D91BBB179E716F00F4C6C3 /* Bird.cpp */; };
		78D91C7F179E716F00F4C6C3 /* Button.cpp in Sources */ = {isa = PBXBuildFile; fileRef = 78D91BBD179E716F00F4C6C3 /* Button.cpp */; };
		78D91C80179E716F00F4C6C3 /* Confetti.cpp in Sources */ = {isa = PBXBuildFile; fileRef = 78D91BBF179E716F00F4C6C3 /* Confetti.cpp */; };
		78D91C81179E716F00F4C6C3 /* Dust.cpp in Sources */ = {isa = PBXBuildFile; fileRef = 78D91BC1179E716F00F4C6C3 /* Dust.cpp */; };
		78D91C82179E716F00F4C6C3 /* Entity.cpp in Sources */ = {isa = PBXBuildFile; fileRef = 78D91BC3179E716F00F4C6C3 /* Entity.cpp */; };
		78D91C83179E716F00F4C6C3 /* Explosion.cpp in Sources */ = {isa = PBXBuildFile; fileRef = 78D91BC5179E716F00F4C6C3 /* Explosion.cpp */; };
		78D91C84179E716F00F4C6C3 /* Feather.cpp in Sources */ = {isa = PBXBuildFile; fileRef = 78D91BC7179E716F00F4C6C3 /* Feather.cpp */; };
		78D91C85179E716F00F4C6C3 /* ImpulseEntity.cpp in Sources */ = {isa = PBXBuildFile; fileRef = 78D91BC9179E716F00F4C6C3 /* ImpulseEntity.cpp */; };
		78D91C86179E716F00F4C6C3 /* Item.cpp in Sources */ = {isa = PBXBuildFile; fileRef = 78D91BCB179E716F00F4C6C3 /* Item.cpp */; };
		78D91C87179E716F00F4C6C3 /* Mark.cpp in Sources */ = {isa = PBXBuildFile; fileRef = 78D91BCD179E716F00F4C6C3 /* Mark.cpp */; };
		78D91C88179E716F00F4C6C3 /* PlayButton.cpp in Sources */ = {isa = PBXBuildFile; fileRef = 78D91BCF179E716F00F4C6C3 /* PlayButton.cpp */; };
		78D91C89179E716F00F4C6C3 /* Star.cpp in Sources */ = {isa = PBXBuildFile; fileRef = 78D91BD1179E716F00F4C6C3 /* Star.cpp */; };
		78D91C8A179E716F00F4C6C3 /* Text.cpp in Sources */ = {isa = PBXBuildFile; fileRef = 78D91BD3179E716F00F4C6C3 /* Text.cpp */; };
		78D91C8B179E716F00F4C6C3 /* Texture.cpp in Sources */ = {isa = PBXBuildFile; fileRef = 78D91BD6179E716F00F4C6C3 /* Texture.cpp */; };
		78D91C8C179E716F00F4C6C3 /* BatchEntityManager.cpp in Sources */ = {isa = PBXBuildFile; fileRef = 78D91BD9179E716F00F4C6C3 /* BatchEntityManager.cpp */; };
		78D91C8D179E716F00F4C6C3 /* ConfettiManager.cpp in Sources */ = {isa = PBXBuildFile; fileRef = 78D91BDB179E716F00F4C6C3 /* ConfettiManager.cpp */; };
		78D91C8E179E716F00F4C6C3 /* EntityManager.cpp in Sources */ = {isa = PBXBuildFile; fileRef = 78D91BDD179E716F00F4C6C3 /* EntityManager.cpp */; };
		78D91C8F179E716F00F4C6C3 /* ScreenManager.cpp in Sources */ = {isa = PBXBuildFile; fileRef = 78D91BDF179E716F00F4C6C3 /* ScreenManager.cpp */; };
		78D91C90179E716F00F4C6C3 /* Options.cpp in Sources */ = {isa = PBXBuildFile; fileRef = 78D91BE1179E716F00F4C6C3 /* Options.cpp */; };
		78D91C91179E716F00F4C6C3 /* Popup.cpp in Sources */ = {isa = PBXBuildFile; fileRef = 78D91BE4179E716F00F4C6C3 /* Popup.cpp */; };
		78D91C92179E716F00F4C6C3 /* BuyItem.cpp in Sources */ = {isa = PBXBuildFile; fileRef = 78D91BE7179E716F00F4C6C3 /* BuyItem.cpp */; };
		78D91C93179E716F00F4C6C3 /* Exit.cpp in Sources */ = {isa = PBXBuildFile; fileRef = 78D91BE9179E716F00F4C6C3 /* Exit.cpp */; };
		78D91C94179E716F00F4C6C3 /* GetCoins.cpp in Sources */ = {isa = PBXBuildFile; fileRef = 78D91BEB179E716F00F4C6C3 /* GetCoins.cpp */; };
		78D91C95179E716F00F4C6C3 /* ModeHelp.cpp in Sources */ = {isa = PBXBuildFile; fileRef = 78D91BED179E716F00F4C6C3 /* ModeHelp.cpp */; };
		78D91C96179E716F00F4C6C3 /* Pause.cpp in Sources */ = {isa = PBXBuildFile; fileRef = 78D91BEF179E716F00F4C6C3 /* Pause.cpp */; };
		78D91C97179E716F00F4C6C3 /* PleaseRate.cpp in Sources */ = {isa = PBXBuildFile; fileRef = 78D91BF1179E716F00F4C6C3 /* PleaseRate.cpp */; };
		78D91C98179E716F00F4C6C3 /* ResetProgress.cpp in Sources */ = {isa = PBXBuildFile; fileRef = 78D91BF3179E716F00F4C6C3 /* ResetProgress.cpp */; };
		78D91C99179E716F00F4C6C3 /* Template.cpp in Sources */ = {isa = PBXBuildFile; fileRef = 78D91BF5179E716F00F4C6C3 /* Template.cpp */; };
		78D91C9A179E716F00F4C6C3 /* Screen.cpp in Sources */ = {isa = PBXBuildFile; fileRef = 78D91BF7179E716F00F4C6C3 /* Screen.cpp */; };
		78D91C9B179E716F00F4C6C3 /* Arcade.cpp in Sources */ = {isa = PBXBuildFile; fileRef = 78D91BFA179E716F00F4C6C3 /* Arcade.cpp */; };
		78D91C9C179E716F00F4C6C3 /* Classic.cpp in Sources */ = {isa = PBXBuildFile; fileRef = 78D91BFC179E716F00F4C6C3 /* Classic.cpp */; };
		78D91C9D179E716F00F4C6C3 /* Credits.cpp in Sources */ = {isa = PBXBuildFile; fileRef = 78D91BFE179E716F00F4C6C3 /* Credits.cpp */; };
		78D91C9E179E716F00F4C6C3 /* End.cpp in Sources */ = {isa = PBXBuildFile; fileRef = 78D91C00179E716F00F4C6C3 /* End.cpp */; };
		78D91C9F179E716F00F4C6C3 /* Game.cpp in Sources */ = {isa = PBXBuildFile; fileRef = 78D91C02179E716F00F4C6C3 /* Game.cpp */; };
		78D91CA0179E716F00F4C6C3 /* Language.cpp in Sources */ = {isa = PBXBuildFile; fileRef = 78D91C04179E716F00F4C6C3 /* Language.cpp */; };
		78D91CA1179E716F00F4C6C3 /* Level.cpp in Sources */ = {isa = PBXBuildFile; fileRef = 78D91C06179E716F00F4C6C3 /* Level.cpp */; };
		78D91CA2179E716F00F4C6C3 /* Levels.cpp in Sources */ = {isa = PBXBuildFile; fileRef = 78D91C08179E716F00F4C6C3 /* Levels.cpp */; };
		78D91CA3179E716F00F4C6C3 /* Loader.cpp in Sources */ = {isa = PBXBuildFile; fileRef = 78D91C0A179E716F00F4C6C3 /* Loader.cpp */; };
		78D91CA4179E716F00F4C6C3 /* Loading.cpp in Sources */ = {isa = PBXBuildFile; fileRef = 78D91C0C179E716F00F4C6C3 /* Loading.cpp */; };
		78D91CA5179E716F00F4C6C3 /* Menu.cpp in Sources */ = {isa = PBXBuildFile; fileRef = 78D91C0E179E716F00F4C6C3 /* Menu.cpp */; };
		78D91CA6179E716F00F4C6C3 /* Mode.cpp in Sources */ = {isa = PBXBuildFile; fileRef = 78D91C10179E716F00F4C6C3 /* Mode.cpp */; };
		78D91CA7179E716F00F4C6C3 /* Progress.cpp in Sources */ = {isa = PBXBuildFile; fileRef = 78D91C12179E716F00F4C6C3 /* Progress.cpp */; };
		78D91CA8179E716F00F4C6C3 /* Progresses.cpp in Sources */ = {isa = PBXBuildFile; fileRef = 78D91C14179E716F00F4C6C3 /* Progresses.cpp */; };
		78D91CA9179E716F00F4C6C3 /* Settings.cpp in Sources */ = {isa = PBXBuildFile; fileRef = 78D91C16179E716F00F4C6C3 /* Settings.cpp */; };
		78D91CAA179E716F00F4C6C3 /* Shop.cpp in Sources */ = {isa = PBXBuildFile; fileRef = 78D91C18179E716F00F4C6C3 /* Shop.cpp */; };
		78D91CAB179E716F00F4C6C3 /* Splash.cpp in Sources */ = {isa = PBXBuildFile; fileRef = 78D91C1A179E716F00F4C6C3 /* Splash.cpp */; };
		78D91CAC179E716F00F4C6C3 /* Template.cpp in Sources */ = {isa = PBXBuildFile; fileRef = 78D91C1D179E716F00F4C6C3 /* Template.cpp */; };
		78D91CAD179E716F00F4C6C3 /* CCBlade.cpp in Sources */ = {isa = PBXBuildFile; fileRef = 78D91C20179E716F00F4C6C3 /* CCBlade.cpp */; };
		78D91CAE179E716F00F4C6C3 /* TouchTrailLayer.cpp in Sources */ = {isa = PBXBuildFile; fileRef = 78D91C22179E716F00F4C6C3 /* TouchTrailLayer.cpp */; };
		78D91CAF179E716F00F4C6C3 /* BuyItemList.cpp in Sources */ = {isa = PBXBuildFile; fileRef = 78D91C25179E716F00F4C6C3 /* BuyItemList.cpp */; };
		78D91CB0179E716F00F4C6C3 /* CreditsList.cpp in Sources */ = {isa = PBXBuildFile; fileRef = 78D91C27179E716F00F4C6C3 /* CreditsList.cpp */; };
		78D91CB1179E716F00F4C6C3 /* List.cpp in Sources */ = {isa = PBXBuildFile; fileRef = 78D91C29179E716F00F4C6C3 /* List.cpp */; };
		78D91CB2179E716F00F4C6C3 /* ModeHelpList.cpp in Sources */ = {isa = PBXBuildFile; fileRef = 78D91C2B179E716F00F4C6C3 /* ModeHelpList.cpp */; };
		78D91CB3179E716F00F4C6C3 /* Touchable.cpp in Sources */ = {isa = PBXBuildFile; fileRef = 78D91C2D179E716F00F4C6C3 /* Touchable.cpp */; };
		78D91CB4179E716F00F4C6C3 /* Utils.cpp in Sources */ = {isa = PBXBuildFile; fileRef = 78D91C2F179E716F00F4C6C3 /* Utils.cpp */; };
		78DA14A71733EA360005B6D2 /* CDAudioManager.m in Sources */ = {isa = PBXBuildFile; fileRef = 78DA14441733EA350005B6D2 /* CDAudioManager.m */; };
		78DA14A81733EA360005B6D2 /* CDOpenALSupport.m in Sources */ = {isa = PBXBuildFile; fileRef = 78DA14471733EA350005B6D2 /* CDOpenALSupport.m */; };
		78DA14A91733EA360005B6D2 /* CDXMacOSXSupport.mm in Sources */ = {isa = PBXBuildFile; fileRef = 78DA14491733EA350005B6D2 /* CDXMacOSXSupport.mm */; };
		78DA14AA1733EA360005B6D2 /* CocosDenshion.m in Sources */ = {isa = PBXBuildFile; fileRef = 78DA144B1733EA350005B6D2 /* CocosDenshion.m */; };
		78DA14AB1733EA360005B6D2 /* SimpleAudioEngine.mm in Sources */ = {isa = PBXBuildFile; fileRef = 78DA144C1733EA350005B6D2 /* SimpleAudioEngine.mm */; };
		78DA14AC1733EA360005B6D2 /* SimpleAudioEngine_objc.m in Sources */ = {isa = PBXBuildFile; fileRef = 78DA144E1733EA350005B6D2 /* SimpleAudioEngine_objc.m */; };
/* End PBXBuildFile section */

/* Begin PBXContainerItemProxy section */
		15C156B71683151A00D239F2 /* PBXContainerItemProxy */ = {
			isa = PBXContainerItemProxy;
			containerPortal = 15C156B01683151A00D239F2 /* cocos2dx.xcodeproj */;
			proxyType = 2;
			remoteGlobalIDString = 1551A33F158F2AB200E66CFE;
			remoteInfo = cocos2dx;
		};
		15C156B91683155000D239F2 /* PBXContainerItemProxy */ = {
			isa = PBXContainerItemProxy;
			containerPortal = 15C156B01683151A00D239F2 /* cocos2dx.xcodeproj */;
			proxyType = 1;
			remoteGlobalIDString = 1551A33E158F2AB200E66CFE;
			remoteInfo = cocos2dx;
		};
/* End PBXContainerItemProxy section */

/* Begin PBXFileReference section */
		15C156B01683151A00D239F2 /* cocos2dx.xcodeproj */ = {isa = PBXFileReference; lastKnownFileType = "wrapper.pb-project"; name = cocos2dx.xcodeproj; path = ../../../../cocos2dx/proj.mac/cocos2dx.xcodeproj; sourceTree = "<group>"; };
		41CD6C5115BF748C005E6F29 /* Project Birds.app */ = {isa = PBXFileReference; explicitFileType = wrapper.application; includeInIndex = 0; path = "Project Birds.app"; sourceTree = BUILT_PRODUCTS_DIR; };
		41CD6C6215BF7574005E6F29 /* AppController.h */ = {isa = PBXFileReference; fileEncoding = 4; lastKnownFileType = sourcecode.c.h; path = AppController.h; sourceTree = "<group>"; };
		41CD6C6315BF7574005E6F29 /* AppController.mm */ = {isa = PBXFileReference; fileEncoding = 4; lastKnownFileType = sourcecode.cpp.objcpp; path = AppController.mm; sourceTree = "<group>"; };
		41CD6C6415BF7574005E6F29 /* main.m */ = {isa = PBXFileReference; fileEncoding = 4; lastKnownFileType = sourcecode.c.objc; path = main.m; sourceTree = "<group>"; };
		41CD6C6915BF7673005E6F29 /* en */ = {isa = PBXFileReference; lastKnownFileType = text.plist.strings; name = en; path = InfoPlist.strings; sourceTree = "<group>"; };
		41CD6C6B15BF7673005E6F29 /* en */ = {isa = PBXFileReference; lastKnownFileType = file.xib; name = en; path = MainMenu.xib; sourceTree = "<group>"; };
		41CD6C6D15BF7673005E6F29 /* Project Birds_Prefix.pch */ = {isa = PBXFileReference; fileEncoding = 4; lastKnownFileType = sourcecode.c.h; path = "Project Birds_Prefix.pch"; sourceTree = "<group>"; };
		41CD6C8715BF7793005E6F29 /* AppKit.framework */ = {isa = PBXFileReference; lastKnownFileType = wrapper.framework; name = AppKit.framework; path = System/Library/Frameworks/AppKit.framework; sourceTree = SDKROOT; };
		41CD6C8815BF7793005E6F29 /* AudioToolbox.framework */ = {isa = PBXFileReference; lastKnownFileType = wrapper.framework; name = AudioToolbox.framework; path = System/Library/Frameworks/AudioToolbox.framework; sourceTree = SDKROOT; };
		41CD6C8915BF7793005E6F29 /* Cocoa.framework */ = {isa = PBXFileReference; lastKnownFileType = wrapper.framework; name = Cocoa.framework; path = System/Library/Frameworks/Cocoa.framework; sourceTree = SDKROOT; };
		41CD6C8A15BF7793005E6F29 /* CoreFoundation.framework */ = {isa = PBXFileReference; lastKnownFileType = wrapper.framework; name = CoreFoundation.framework; path = System/Library/Frameworks/CoreFoundation.framework; sourceTree = SDKROOT; };
		41CD6C8B15BF7793005E6F29 /* Foundation.framework */ = {isa = PBXFileReference; lastKnownFileType = wrapper.framework; name = Foundation.framework; path = System/Library/Frameworks/Foundation.framework; sourceTree = SDKROOT; };
		41CD6C8C15BF7793005E6F29 /* OpenAL.framework */ = {isa = PBXFileReference; lastKnownFileType = wrapper.framework; name = OpenAL.framework; path = System/Library/Frameworks/OpenAL.framework; sourceTree = SDKROOT; };
		41CD6C8D15BF7793005E6F29 /* OpenGL.framework */ = {isa = PBXFileReference; lastKnownFileType = wrapper.framework; name = OpenGL.framework; path = System/Library/Frameworks/OpenGL.framework; sourceTree = SDKROOT; };
		41CD6C8E15BF7793005E6F29 /* QuartzCore.framework */ = {isa = PBXFileReference; lastKnownFileType = wrapper.framework; name = QuartzCore.framework; path = System/Library/Frameworks/QuartzCore.framework; sourceTree = SDKROOT; };
		78605303174FABF400ACE2D3 /* libz.dylib */ = {isa = PBXFileReference; lastKnownFileType = "compiled.mach-o.dylib"; name = libz.dylib; path = usr/lib/libz.dylib; sourceTree = SDKROOT; };
		78857F54179EBE6400AB657C /* icon_properties@2x.png */ = {isa = PBXFileReference; lastKnownFileType = image.png; path = "icon_properties@2x.png"; sourceTree = "<group>"; };
		78AEFB5F1787609800CD5109 /* Project Birds_Info.plist */ = {isa = PBXFileReference; fileEncoding = 4; lastKnownFileType = text.plist.xml; path = "Project Birds_Info.plist"; sourceTree = "<group>"; };
		78B37D42177E4B0E00773C6A /* libcocos2dx.a */ = {isa = PBXFileReference; lastKnownFileType = archive.ar; path = libcocos2dx.a; sourceTree = "<group>"; };
		78D91B65179E716F00F4C6C3 /* Comic Sans MS.ttf */ = {isa = PBXFileReference; lastKnownFileType = file; path = "Comic Sans MS.ttf"; sourceTree = "<group>"; };
		78D91B68179E716F00F4C6C3 /* about_scroll_border@2x.png */ = {isa = PBXFileReference; lastKnownFileType = image.png; path = "about_scroll_border@2x.png"; sourceTree = "<group>"; };
		78D91B69179E716F00F4C6C3 /* about_scroll_border_small@2x.png */ = {isa = PBXFileReference; lastKnownFileType = image.png; path = "about_scroll_border_small@2x.png"; sourceTree = "<group>"; };
		78D91B6A179E716F00F4C6C3 /* about_scroll_fill@2x.png */ = {isa = PBXFileReference; lastKnownFileType = image.png; path = "about_scroll_fill@2x.png"; sourceTree = "<group>"; };
		78D91B6B179E716F00F4C6C3 /* about_scroll_fill_small@2x.png */ = {isa = PBXFileReference; lastKnownFileType = image.png; path = "about_scroll_fill_small@2x.png"; sourceTree = "<group>"; };
		78D91B6C179E716F00F4C6C3 /* bar_remove@2x.png */ = {isa = PBXFileReference; lastKnownFileType = image.png; path = "bar_remove@2x.png"; sourceTree = "<group>"; };
		78D91B6D179E716F00F4C6C3 /* birds_feather_sprite@2x.png */ = {isa = PBXFileReference; lastKnownFileType = image.png; path = "birds_feather_sprite@2x.png"; sourceTree = "<group>"; };
		78D91B6E179E716F00F4C6C3 /* birds_sprite@2x.png */ = {isa = PBXFileReference; lastKnownFileType = image.png; path = "birds_sprite@2x.png"; sourceTree = "<group>"; };
		78D91B6F179E716F00F4C6C3 /* btn_mfx_sprite@2x.png */ = {isa = PBXFileReference; lastKnownFileType = image.png; path = "btn_mfx_sprite@2x.png"; sourceTree = "<group>"; };
		78D91B70179E716F00F4C6C3 /* btn_sprite@2x.png */ = {isa = PBXFileReference; lastKnownFileType = image.png; path = "btn_sprite@2x.png"; sourceTree = "<group>"; };
		78D91B71179E716F00F4C6C3 /* choose_box_lvl_sprite@2x.png */ = {isa = PBXFileReference; lastKnownFileType = image.png; path = "choose_box_lvl_sprite@2x.png"; sourceTree = "<group>"; };
		78D91B72179E716F00F4C6C3 /* choose_box_name@2x.png */ = {isa = PBXFileReference; lastKnownFileType = image.png; path = "choose_box_name@2x.png"; sourceTree = "<group>"; };
		78D91B73179E716F00F4C6C3 /* choose_box_navi_sprite@2x.png */ = {isa = PBXFileReference; lastKnownFileType = image.png; path = "choose_box_navi_sprite@2x.png"; sourceTree = "<group>"; };
		78D91B74179E716F00F4C6C3 /* coins@2x.png */ = {isa = PBXFileReference; lastKnownFileType = image.png; path = "coins@2x.png"; sourceTree = "<group>"; };
		78D91B75179E716F00F4C6C3 /* confety_sprite@2x.png */ = {isa = PBXFileReference; lastKnownFileType = image.png; path = "confety_sprite@2x.png"; sourceTree = "<group>"; };
		78D91B76179E716F00F4C6C3 /* dust@2x.png */ = {isa = PBXFileReference; lastKnownFileType = image.png; path = "dust@2x.png"; sourceTree = "<group>"; };
		78D91B77179E716F00F4C6C3 /* end_lvl_bg_popup@2x.png */ = {isa = PBXFileReference; lastKnownFileType = image.png; path = "end_lvl_bg_popup@2x.png"; sourceTree = "<group>"; };
		78D91B78179E716F00F4C6C3 /* end_lvl_bg_sprite@2x.png */ = {isa = PBXFileReference; lastKnownFileType = image.png; path = "end_lvl_bg_sprite@2x.png"; sourceTree = "<group>"; };
		78D91B79179E716F00F4C6C3 /* end_lvl_btn_sprite@2x.png */ = {isa = PBXFileReference; lastKnownFileType = image.png; path = "end_lvl_btn_sprite@2x.png"; sourceTree = "<group>"; };
		78D91B7A179E716F00F4C6C3 /* end_lvl_star_sprite@2x.png */ = {isa = PBXFileReference; lastKnownFileType = image.png; path = "end_lvl_star_sprite@2x.png"; sourceTree = "<group>"; };
		78D91B7B179E716F00F4C6C3 /* explosion@2x.png */ = {isa = PBXFileReference; lastKnownFileType = image.png; path = "explosion@2x.png"; sourceTree = "<group>"; };
		78D91B7C179E716F00F4C6C3 /* flag_sprite_big@2x.png */ = {isa = PBXFileReference; lastKnownFileType = image.png; path = "flag_sprite_big@2x.png"; sourceTree = "<group>"; };
		78D91B7D179E716F00F4C6C3 /* flag_sprite_small@2x.png */ = {isa = PBXFileReference; lastKnownFileType = image.png; path = "flag_sprite_small@2x.png"; sourceTree = "<group>"; };
		78D91B7E179E716F00F4C6C3 /* game_gui_bg_summer@2x copy.png */ = {isa = PBXFileReference; lastKnownFileType = image.png; path = "game_gui_bg_summer@2x copy.png"; sourceTree = "<group>"; };
		78D91B7F179E716F00F4C6C3 /* game_gui_bg_summer@2x.png */ = {isa = PBXFileReference; lastKnownFileType = image.png; path = "game_gui_bg_summer@2x.png"; sourceTree = "<group>"; };
		78D91B80179E716F00F4C6C3 /* game_gui_btn_sprite@2x.png */ = {isa = PBXFileReference; lastKnownFileType = image.png; path = "game_gui_btn_sprite@2x.png"; sourceTree = "<group>"; };
		78D91B81179E716F00F4C6C3 /* get_coins_light@2x.png */ = {isa = PBXFileReference; lastKnownFileType = image.png; path = "get_coins_light@2x.png"; sourceTree = "<group>"; };
		78D91B82179E716F00F4C6C3 /* main_menu_bg@2x.png */ = {isa = PBXFileReference; lastKnownFileType = image.png; path = "main_menu_bg@2x.png"; sourceTree = "<group>"; };
		78D91B83179E716F00F4C6C3 /* main_menu_bg_back@2x.png */ = {isa = PBXFileReference; lastKnownFileType = image.png; path = "main_menu_bg_back@2x.png"; sourceTree = "<group>"; };
		78D91B84179E716F00F4C6C3 /* main_menu_btn_bg_play@2x.png */ = {isa = PBXFileReference; lastKnownFileType = image.png; path = "main_menu_btn_bg_play@2x.png"; sourceTree = "<group>"; };
		78D91B85179E716F00F4C6C3 /* main_menu_btn_shop@2x.png */ = {isa = PBXFileReference; lastKnownFileType = image.png; path = "main_menu_btn_shop@2x.png"; sourceTree = "<group>"; };
		78D91B86179E716F00F4C6C3 /* mark@2x.png */ = {isa = PBXFileReference; lastKnownFileType = image.png; path = "mark@2x.png"; sourceTree = "<group>"; };
		78D91B87179E716F00F4C6C3 /* play_btn_animation@2x.png */ = {isa = PBXFileReference; lastKnownFileType = image.png; path = "play_btn_animation@2x.png"; sourceTree = "<group>"; };
		78D91B88179E716F00F4C6C3 /* popup_bg@2x.png */ = {isa = PBXFileReference; lastKnownFileType = image.png; path = "popup_bg@2x.png"; sourceTree = "<group>"; };
		78D91B89179E716F00F4C6C3 /* popup_btn@2x.png */ = {isa = PBXFileReference; lastKnownFileType = image.png; path = "popup_btn@2x.png"; sourceTree = "<group>"; };
		78D91B8A179E716F00F4C6C3 /* popup_buy_coins_btn_sprite@2x.png */ = {isa = PBXFileReference; lastKnownFileType = image.png; path = "popup_buy_coins_btn_sprite@2x.png"; sourceTree = "<group>"; };
		78D91B8B179E716F00F4C6C3 /* popup_darkness@2x.png */ = {isa = PBXFileReference; lastKnownFileType = image.png; path = "popup_darkness@2x.png"; sourceTree = "<group>"; };
		78D91B8C179E716F00F4C6C3 /* popup_getcoins_picture@2x.png */ = {isa = PBXFileReference; lastKnownFileType = image.png; path = "popup_getcoins_picture@2x.png"; sourceTree = "<group>"; };
		78D91B8D179E716F00F4C6C3 /* popup_item_rate_stars@2x.png */ = {isa = PBXFileReference; lastKnownFileType = image.png; path = "popup_item_rate_stars@2x.png"; sourceTree = "<group>"; };
		78D91B8E179E716F00F4C6C3 /* popup_progress_picture@2x.png */ = {isa = PBXFileReference; lastKnownFileType = image.png; path = "popup_progress_picture@2x.png"; sourceTree = "<group>"; };
		78D91B8F179E716F00F4C6C3 /* popup_quit_picture@2x.png */ = {isa = PBXFileReference; lastKnownFileType = image.png; path = "popup_quit_picture@2x.png"; sourceTree = "<group>"; };
		78D91B90179E716F00F4C6C3 /* popup_quit_picture_light_2@2x.png */ = {isa = PBXFileReference; lastKnownFileType = image.png; path = "popup_quit_picture_light_2@2x.png"; sourceTree = "<group>"; };
		78D91B91179E716F00F4C6C3 /* popup_quit_picture_light_main@2x.png */ = {isa = PBXFileReference; lastKnownFileType = image.png; path = "popup_quit_picture_light_main@2x.png"; sourceTree = "<group>"; };
		78D91B92179E716F00F4C6C3 /* popup_rate_picture@2x.png */ = {isa = PBXFileReference; lastKnownFileType = image.png; path = "popup_rate_picture@2x.png"; sourceTree = "<group>"; };
		78D91B93179E716F00F4C6C3 /* preload-lvl-bg@2x.png */ = {isa = PBXFileReference; lastKnownFileType = image.png; path = "preload-lvl-bg@2x.png"; sourceTree = "<group>"; };
		78D91B94179E716F00F4C6C3 /* preload-lvl-bird@2x.png */ = {isa = PBXFileReference; lastKnownFileType = image.png; path = "preload-lvl-bird@2x.png"; sourceTree = "<group>"; };
		78D91B95179E716F00F4C6C3 /* preload-lvl-spiral@2x.png */ = {isa = PBXFileReference; lastKnownFileType = image.png; path = "preload-lvl-spiral@2x.png"; sourceTree = "<group>"; };
		78D91B96179E716F00F4C6C3 /* preload-lvl-wave@2x.png */ = {isa = PBXFileReference; lastKnownFileType = image.png; path = "preload-lvl-wave@2x.png"; sourceTree = "<group>"; };
		78D91B97179E716F00F4C6C3 /* settings_bg@2x.png */ = {isa = PBXFileReference; lastKnownFileType = image.png; path = "settings_bg@2x.png"; sourceTree = "<group>"; };
		78D91B98179E716F00F4C6C3 /* settings_btn_big@2x.png */ = {isa = PBXFileReference; lastKnownFileType = image.png; path = "settings_btn_big@2x.png"; sourceTree = "<group>"; };
		78D91B99179E716F00F4C6C3 /* settings_lang_check@2x.png */ = {isa = PBXFileReference; lastKnownFileType = image.png; path = "settings_lang_check@2x.png"; sourceTree = "<group>"; };
		78D91B9A179E716F00F4C6C3 /* shop_item_icon@2x.png */ = {isa = PBXFileReference; lastKnownFileType = image.png; path = "shop_item_icon@2x.png"; sourceTree = "<group>"; };
		78D91B9B179E716F00F4C6C3 /* shop_money_bg@2x.png */ = {isa = PBXFileReference; lastKnownFileType = image.png; path = "shop_money_bg@2x.png"; sourceTree = "<group>"; };
		78D91B9C179E716F00F4C6C3 /* shop_shelf_sprite@2x.png */ = {isa = PBXFileReference; lastKnownFileType = image.png; path = "shop_shelf_sprite@2x.png"; sourceTree = "<group>"; };
		78D91B9D179E716F00F4C6C3 /* shop_wheel@2x.png */ = {isa = PBXFileReference; lastKnownFileType = image.png; path = "shop_wheel@2x.png"; sourceTree = "<group>"; };
		78D91B9E179E716F00F4C6C3 /* start_preloader_bar@2x.png */ = {isa = PBXFileReference; lastKnownFileType = image.png; path = "start_preloader_bar@2x.png"; sourceTree = "<group>"; };
		78D91B9F179E716F00F4C6C3 /* start_preloader_bg@2x.png */ = {isa = PBXFileReference; lastKnownFileType = image.png; path = "start_preloader_bg@2x.png"; sourceTree = "<group>"; };
		78D91BA0179E716F00F4C6C3 /* streak0-hd.png */ = {isa = PBXFileReference; lastKnownFileType = image.png; path = "streak0-hd.png"; sourceTree = "<group>"; };
		78D91BA2179E716F00F4C6C3 /* iPad-landscape.png */ = {isa = PBXFileReference; lastKnownFileType = image.png; path = "iPad-landscape.png"; sourceTree = "<group>"; };
		78D91BA3179E716F00F4C6C3 /* iPad-landscape@2x.png */ = {isa = PBXFileReference; lastKnownFileType = image.png; path = "iPad-landscape@2x.png"; sourceTree = "<group>"; };
		78D91BA4179E716F00F4C6C3 /* iPad-portrait.png */ = {isa = PBXFileReference; lastKnownFileType = image.png; path = "iPad-portrait.png"; sourceTree = "<group>"; };
		78D91BA5179E716F00F4C6C3 /* iPad-portrait@2x.png */ = {isa = PBXFileReference; lastKnownFileType = image.png; path = "iPad-portrait@2x.png"; sourceTree = "<group>"; };
		78D91BA6179E716F00F4C6C3 /* iPhone-landscape.png */ = {isa = PBXFileReference; lastKnownFileType = image.png; path = "iPhone-landscape.png"; sourceTree = "<group>"; };
		78D91BA7179E716F00F4C6C3 /* iPhone-landscape@2x.png */ = {isa = PBXFileReference; lastKnownFileType = image.png; path = "iPhone-landscape@2x.png"; sourceTree = "<group>"; };
		78D91BA8179E716F00F4C6C3 /* iPhone5-landscape@2x.png */ = {isa = PBXFileReference; lastKnownFileType = image.png; path = "iPhone5-landscape@2x.png"; sourceTree = "<group>"; };
		78D91BAA179E716F00F4C6C3 /* Icon-36.png */ = {isa = PBXFileReference; lastKnownFileType = image.png; path = "Icon-36.png"; sourceTree = "<group>"; };
		78D91BAB179E716F00F4C6C3 /* Icon-48.png */ = {isa = PBXFileReference; lastKnownFileType = image.png; path = "Icon-48.png"; sourceTree = "<group>"; };
		78D91BAC179E716F00F4C6C3 /* Icon-512.png */ = {isa = PBXFileReference; lastKnownFileType = image.png; path = "Icon-512.png"; sourceTree = "<group>"; };
		78D91BAD179E716F00F4C6C3 /* Icon-72.png */ = {isa = PBXFileReference; lastKnownFileType = image.png; path = "Icon-72.png"; sourceTree = "<group>"; };
		78D91BAE179E716F00F4C6C3 /* Icon-96.png */ = {isa = PBXFileReference; lastKnownFileType = image.png; path = "Icon-96.png"; sourceTree = "<group>"; };
		78D91BAF179E716F00F4C6C3 /* Info.plist */ = {isa = PBXFileReference; fileEncoding = 4; lastKnownFileType = text.plist.xml; path = Info.plist; sourceTree = "<group>"; };
		78D91BB0179E716F00F4C6C3 /* intro.mp4 */ = {isa = PBXFileReference; lastKnownFileType = file; path = intro.mp4; sourceTree = "<group>"; };
		78D91BB2179E716F00F4C6C3 /* music-1.mp3 */ = {isa = PBXFileReference; lastKnownFileType = audio.mp3; path = "music-1.mp3"; sourceTree = "<group>"; };
		78D91BB3179E716F00F4C6C3 /* music-2.mp3 */ = {isa = PBXFileReference; lastKnownFileType = audio.mp3; path = "music-2.mp3"; sourceTree = "<group>"; };
		78D91BB4179E716F00F4C6C3 /* music-3.mp3 */ = {isa = PBXFileReference; lastKnownFileType = audio.mp3; path = "music-3.mp3"; sourceTree = "<group>"; };
		78D91BB6179E716F00F4C6C3 /* level-end.mp3 */ = {isa = PBXFileReference; lastKnownFileType = audio.mp3; path = "level-end.mp3"; sourceTree = "<group>"; };
		78D91BB8179E716F00F4C6C3 /* AppDelegate.cpp */ = {isa = PBXFileReference; fileEncoding = 4; lastKnownFileType = sourcecode.cpp.cpp; path = AppDelegate.cpp; sourceTree = "<group>"; };
		78D91BB9179E716F00F4C6C3 /* AppDelegate.h */ = {isa = PBXFileReference; fileEncoding = 4; lastKnownFileType = sourcecode.c.h; path = AppDelegate.h; sourceTree = "<group>"; };
		78D91BBB179E716F00F4C6C3 /* Bird.cpp */ = {isa = PBXFileReference; fileEncoding = 4; lastKnownFileType = sourcecode.cpp.cpp; path = Bird.cpp; sourceTree = "<group>"; };
		78D91BBC179E716F00F4C6C3 /* Bird.h */ = {isa = PBXFileReference; fileEncoding = 4; lastKnownFileType = sourcecode.c.h; path = Bird.h; sourceTree = "<group>"; };
		78D91BBD179E716F00F4C6C3 /* Button.cpp */ = {isa = PBXFileReference; fileEncoding = 4; lastKnownFileType = sourcecode.cpp.cpp; path = Button.cpp; sourceTree = "<group>"; };
		78D91BBE179E716F00F4C6C3 /* Button.h */ = {isa = PBXFileReference; fileEncoding = 4; lastKnownFileType = sourcecode.c.h; path = Button.h; sourceTree = "<group>"; };
		78D91BBF179E716F00F4C6C3 /* Confetti.cpp */ = {isa = PBXFileReference; fileEncoding = 4; lastKnownFileType = sourcecode.cpp.cpp; path = Confetti.cpp; sourceTree = "<group>"; };
		78D91BC0179E716F00F4C6C3 /* Confetti.h */ = {isa = PBXFileReference; fileEncoding = 4; lastKnownFileType = sourcecode.c.h; path = Confetti.h; sourceTree = "<group>"; };
		78D91BC1179E716F00F4C6C3 /* Dust.cpp */ = {isa = PBXFileReference; fileEncoding = 4; lastKnownFileType = sourcecode.cpp.cpp; path = Dust.cpp; sourceTree = "<group>"; };
		78D91BC2179E716F00F4C6C3 /* Dust.h */ = {isa = PBXFileReference; fileEncoding = 4; lastKnownFileType = sourcecode.c.h; path = Dust.h; sourceTree = "<group>"; };
		78D91BC3179E716F00F4C6C3 /* Entity.cpp */ = {isa = PBXFileReference; fileEncoding = 4; lastKnownFileType = sourcecode.cpp.cpp; path = Entity.cpp; sourceTree = "<group>"; };
		78D91BC4179E716F00F4C6C3 /* Entity.h */ = {isa = PBXFileReference; fileEncoding = 4; lastKnownFileType = sourcecode.c.h; path = Entity.h; sourceTree = "<group>"; };
		78D91BC5179E716F00F4C6C3 /* Explosion.cpp */ = {isa = PBXFileReference; fileEncoding = 4; lastKnownFileType = sourcecode.cpp.cpp; path = Explosion.cpp; sourceTree = "<group>"; };
		78D91BC6179E716F00F4C6C3 /* Explosion.h */ = {isa = PBXFileReference; fileEncoding = 4; lastKnownFileType = sourcecode.c.h; path = Explosion.h; sourceTree = "<group>"; };
		78D91BC7179E716F00F4C6C3 /* Feather.cpp */ = {isa = PBXFileReference; fileEncoding = 4; lastKnownFileType = sourcecode.cpp.cpp; path = Feather.cpp; sourceTree = "<group>"; };
		78D91BC8179E716F00F4C6C3 /* Feather.h */ = {isa = PBXFileReference; fileEncoding = 4; lastKnownFileType = sourcecode.c.h; path = Feather.h; sourceTree = "<group>"; };
		78D91BC9179E716F00F4C6C3 /* ImpulseEntity.cpp */ = {isa = PBXFileReference; fileEncoding = 4; lastKnownFileType = sourcecode.cpp.cpp; path = ImpulseEntity.cpp; sourceTree = "<group>"; };
		78D91BCA179E716F00F4C6C3 /* ImpulseEntity.h */ = {isa = PBXFileReference; fileEncoding = 4; lastKnownFileType = sourcecode.c.h; path = ImpulseEntity.h; sourceTree = "<group>"; };
		78D91BCB179E716F00F4C6C3 /* Item.cpp */ = {isa = PBXFileReference; fileEncoding = 4; lastKnownFileType = sourcecode.cpp.cpp; path = Item.cpp; sourceTree = "<group>"; };
		78D91BCC179E716F00F4C6C3 /* Item.h */ = {isa = PBXFileReference; fileEncoding = 4; lastKnownFileType = sourcecode.c.h; path = Item.h; sourceTree = "<group>"; };
		78D91BCD179E716F00F4C6C3 /* Mark.cpp */ = {isa = PBXFileReference; fileEncoding = 4; lastKnownFileType = sourcecode.cpp.cpp; path = Mark.cpp; sourceTree = "<group>"; };
		78D91BCE179E716F00F4C6C3 /* Mark.h */ = {isa = PBXFileReference; fileEncoding = 4; lastKnownFileType = sourcecode.c.h; path = Mark.h; sourceTree = "<group>"; };
		78D91BCF179E716F00F4C6C3 /* PlayButton.cpp */ = {isa = PBXFileReference; fileEncoding = 4; lastKnownFileType = sourcecode.cpp.cpp; path = PlayButton.cpp; sourceTree = "<group>"; };
		78D91BD0179E716F00F4C6C3 /* PlayButton.h */ = {isa = PBXFileReference; fileEncoding = 4; lastKnownFileType = sourcecode.c.h; path = PlayButton.h; sourceTree = "<group>"; };
		78D91BD1179E716F00F4C6C3 /* Star.cpp */ = {isa = PBXFileReference; fileEncoding = 4; lastKnownFileType = sourcecode.cpp.cpp; path = Star.cpp; sourceTree = "<group>"; };
		78D91BD2179E716F00F4C6C3 /* Star.h */ = {isa = PBXFileReference; fileEncoding = 4; lastKnownFileType = sourcecode.c.h; path = Star.h; sourceTree = "<group>"; };
		78D91BD3179E716F00F4C6C3 /* Text.cpp */ = {isa = PBXFileReference; fileEncoding = 4; lastKnownFileType = sourcecode.cpp.cpp; path = Text.cpp; sourceTree = "<group>"; };
		78D91BD4179E716F00F4C6C3 /* Text.h */ = {isa = PBXFileReference; fileEncoding = 4; lastKnownFileType = sourcecode.c.h; path = Text.h; sourceTree = "<group>"; };
		78D91BD6179E716F00F4C6C3 /* Texture.cpp */ = {isa = PBXFileReference; fileEncoding = 4; lastKnownFileType = sourcecode.cpp.cpp; path = Texture.cpp; sourceTree = "<group>"; };
		78D91BD7179E716F00F4C6C3 /* Texture.h */ = {isa = PBXFileReference; fileEncoding = 4; lastKnownFileType = sourcecode.c.h; path = Texture.h; sourceTree = "<group>"; };
		78D91BD9179E716F00F4C6C3 /* BatchEntityManager.cpp */ = {isa = PBXFileReference; fileEncoding = 4; lastKnownFileType = sourcecode.cpp.cpp; path = BatchEntityManager.cpp; sourceTree = "<group>"; };
		78D91BDA179E716F00F4C6C3 /* BatchEntityManager.h */ = {isa = PBXFileReference; fileEncoding = 4; lastKnownFileType = sourcecode.c.h; path = BatchEntityManager.h; sourceTree = "<group>"; };
		78D91BDB179E716F00F4C6C3 /* ConfettiManager.cpp */ = {isa = PBXFileReference; fileEncoding = 4; lastKnownFileType = sourcecode.cpp.cpp; path = ConfettiManager.cpp; sourceTree = "<group>"; };
		78D91BDC179E716F00F4C6C3 /* ConfettiManager.h */ = {isa = PBXFileReference; fileEncoding = 4; lastKnownFileType = sourcecode.c.h; path = ConfettiManager.h; sourceTree = "<group>"; };
		78D91BDD179E716F00F4C6C3 /* EntityManager.cpp */ = {isa = PBXFileReference; fileEncoding = 4; lastKnownFileType = sourcecode.cpp.cpp; path = EntityManager.cpp; sourceTree = "<group>"; };
		78D91BDE179E716F00F4C6C3 /* EntityManager.h */ = {isa = PBXFileReference; fileEncoding = 4; lastKnownFileType = sourcecode.c.h; path = EntityManager.h; sourceTree = "<group>"; };
		78D91BDF179E716F00F4C6C3 /* ScreenManager.cpp */ = {isa = PBXFileReference; fileEncoding = 4; lastKnownFileType = sourcecode.cpp.cpp; path = ScreenManager.cpp; sourceTree = "<group>"; };
		78D91BE0179E716F00F4C6C3 /* ScreenManager.h */ = {isa = PBXFileReference; fileEncoding = 4; lastKnownFileType = sourcecode.c.h; path = ScreenManager.h; sourceTree = "<group>"; };
		78D91BE1179E716F00F4C6C3 /* Options.cpp */ = {isa = PBXFileReference; fileEncoding = 4; lastKnownFileType = sourcecode.cpp.cpp; path = Options.cpp; sourceTree = "<group>"; };
		78D91BE2179E716F00F4C6C3 /* Options.h */ = {isa = PBXFileReference; fileEncoding = 4; lastKnownFileType = sourcecode.c.h; path = Options.h; sourceTree = "<group>"; };
		78D91BE4179E716F00F4C6C3 /* Popup.cpp */ = {isa = PBXFileReference; fileEncoding = 4; lastKnownFileType = sourcecode.cpp.cpp; path = Popup.cpp; sourceTree = "<group>"; };
		78D91BE5179E716F00F4C6C3 /* Popup.h */ = {isa = PBXFileReference; fileEncoding = 4; lastKnownFileType = sourcecode.c.h; path = Popup.h; sourceTree = "<group>"; };
		78D91BE7179E716F00F4C6C3 /* BuyItem.cpp */ = {isa = PBXFileReference; fileEncoding = 4; lastKnownFileType = sourcecode.cpp.cpp; path = BuyItem.cpp; sourceTree = "<group>"; };
		78D91BE8179E716F00F4C6C3 /* BuyItem.h */ = {isa = PBXFileReference; fileEncoding = 4; lastKnownFileType = sourcecode.c.h; path = BuyItem.h; sourceTree = "<group>"; };
		78D91BE9179E716F00F4C6C3 /* Exit.cpp */ = {isa = PBXFileReference; fileEncoding = 4; lastKnownFileType = sourcecode.cpp.cpp; path = Exit.cpp; sourceTree = "<group>"; };
		78D91BEA179E716F00F4C6C3 /* Exit.h */ = {isa = PBXFileReference; fileEncoding = 4; lastKnownFileType = sourcecode.c.h; path = Exit.h; sourceTree = "<group>"; };
		78D91BEB179E716F00F4C6C3 /* GetCoins.cpp */ = {isa = PBXFileReference; fileEncoding = 4; lastKnownFileType = sourcecode.cpp.cpp; path = GetCoins.cpp; sourceTree = "<group>"; };
		78D91BEC179E716F00F4C6C3 /* GetCoins.h */ = {isa = PBXFileReference; fileEncoding = 4; lastKnownFileType = sourcecode.c.h; path = GetCoins.h; sourceTree = "<group>"; };
		78D91BED179E716F00F4C6C3 /* ModeHelp.cpp */ = {isa = PBXFileReference; fileEncoding = 4; lastKnownFileType = sourcecode.cpp.cpp; path = ModeHelp.cpp; sourceTree = "<group>"; };
		78D91BEE179E716F00F4C6C3 /* ModeHelp.h */ = {isa = PBXFileReference; fileEncoding = 4; lastKnownFileType = sourcecode.c.h; path = ModeHelp.h; sourceTree = "<group>"; };
		78D91BEF179E716F00F4C6C3 /* Pause.cpp */ = {isa = PBXFileReference; fileEncoding = 4; lastKnownFileType = sourcecode.cpp.cpp; path = Pause.cpp; sourceTree = "<group>"; };
		78D91BF0179E716F00F4C6C3 /* Pause.h */ = {isa = PBXFileReference; fileEncoding = 4; lastKnownFileType = sourcecode.c.h; path = Pause.h; sourceTree = "<group>"; };
		78D91BF1179E716F00F4C6C3 /* PleaseRate.cpp */ = {isa = PBXFileReference; fileEncoding = 4; lastKnownFileType = sourcecode.cpp.cpp; path = PleaseRate.cpp; sourceTree = "<group>"; };
		78D91BF2179E716F00F4C6C3 /* PleaseRate.h */ = {isa = PBXFileReference; fileEncoding = 4; lastKnownFileType = sourcecode.c.h; path = PleaseRate.h; sourceTree = "<group>"; };
		78D91BF3179E716F00F4C6C3 /* ResetProgress.cpp */ = {isa = PBXFileReference; fileEncoding = 4; lastKnownFileType = sourcecode.cpp.cpp; path = ResetProgress.cpp; sourceTree = "<group>"; };
		78D91BF4179E716F00F4C6C3 /* ResetProgress.h */ = {isa = PBXFileReference; fileEncoding = 4; lastKnownFileType = sourcecode.c.h; path = ResetProgress.h; sourceTree = "<group>"; };
		78D91BF5179E716F00F4C6C3 /* Template.cpp */ = {isa = PBXFileReference; fileEncoding = 4; lastKnownFileType = sourcecode.cpp.cpp; path = Template.cpp; sourceTree = "<group>"; };
		78D91BF6179E716F00F4C6C3 /* Template.h */ = {isa = PBXFileReference; fileEncoding = 4; lastKnownFileType = sourcecode.c.h; path = Template.h; sourceTree = "<group>"; };
		78D91BF7179E716F00F4C6C3 /* Screen.cpp */ = {isa = PBXFileReference; fileEncoding = 4; lastKnownFileType = sourcecode.cpp.cpp; path = Screen.cpp; sourceTree = "<group>"; };
		78D91BF8179E716F00F4C6C3 /* Screen.h */ = {isa = PBXFileReference; fileEncoding = 4; lastKnownFileType = sourcecode.c.h; path = Screen.h; sourceTree = "<group>"; };
		78D91BFA179E716F00F4C6C3 /* Arcade.cpp */ = {isa = PBXFileReference; fileEncoding = 4; lastKnownFileType = sourcecode.cpp.cpp; path = Arcade.cpp; sourceTree = "<group>"; };
		78D91BFB179E716F00F4C6C3 /* Arcade.h */ = {isa = PBXFileReference; fileEncoding = 4; lastKnownFileType = sourcecode.c.h; path = Arcade.h; sourceTree = "<group>"; };
		78D91BFC179E716F00F4C6C3 /* Classic.cpp */ = {isa = PBXFileReference; fileEncoding = 4; lastKnownFileType = sourcecode.cpp.cpp; path = Classic.cpp; sourceTree = "<group>"; };
		78D91BFD179E716F00F4C6C3 /* Classic.h */ = {isa = PBXFileReference; fileEncoding = 4; lastKnownFileType = sourcecode.c.h; path = Classic.h; sourceTree = "<group>"; };
		78D91BFE179E716F00F4C6C3 /* Credits.cpp */ = {isa = PBXFileReference; fileEncoding = 4; lastKnownFileType = sourcecode.cpp.cpp; path = Credits.cpp; sourceTree = "<group>"; };
		78D91BFF179E716F00F4C6C3 /* Credits.h */ = {isa = PBXFileReference; fileEncoding = 4; lastKnownFileType = sourcecode.c.h; path = Credits.h; sourceTree = "<group>"; };
		78D91C00179E716F00F4C6C3 /* End.cpp */ = {isa = PBXFileReference; fileEncoding = 4; lastKnownFileType = sourcecode.cpp.cpp; path = End.cpp; sourceTree = "<group>"; };
		78D91C01179E716F00F4C6C3 /* End.h */ = {isa = PBXFileReference; fileEncoding = 4; lastKnownFileType = sourcecode.c.h; path = End.h; sourceTree = "<group>"; };
		78D91C02179E716F00F4C6C3 /* Game.cpp */ = {isa = PBXFileReference; fileEncoding = 4; lastKnownFileType = sourcecode.cpp.cpp; path = Game.cpp; sourceTree = "<group>"; };
		78D91C03179E716F00F4C6C3 /* Game.h */ = {isa = PBXFileReference; fileEncoding = 4; lastKnownFileType = sourcecode.c.h; path = Game.h; sourceTree = "<group>"; };
		78D91C04179E716F00F4C6C3 /* Language.cpp */ = {isa = PBXFileReference; fileEncoding = 4; lastKnownFileType = sourcecode.cpp.cpp; path = Language.cpp; sourceTree = "<group>"; };
		78D91C05179E716F00F4C6C3 /* Language.h */ = {isa = PBXFileReference; fileEncoding = 4; lastKnownFileType = sourcecode.c.h; path = Language.h; sourceTree = "<group>"; };
		78D91C06179E716F00F4C6C3 /* Level.cpp */ = {isa = PBXFileReference; fileEncoding = 4; lastKnownFileType = sourcecode.cpp.cpp; path = Level.cpp; sourceTree = "<group>"; };
		78D91C07179E716F00F4C6C3 /* Level.h */ = {isa = PBXFileReference; fileEncoding = 4; lastKnownFileType = sourcecode.c.h; path = Level.h; sourceTree = "<group>"; };
		78D91C08179E716F00F4C6C3 /* Levels.cpp */ = {isa = PBXFileReference; fileEncoding = 4; lastKnownFileType = sourcecode.cpp.cpp; path = Levels.cpp; sourceTree = "<group>"; };
		78D91C09179E716F00F4C6C3 /* Levels.h */ = {isa = PBXFileReference; fileEncoding = 4; lastKnownFileType = sourcecode.c.h; path = Levels.h; sourceTree = "<group>"; };
		78D91C0A179E716F00F4C6C3 /* Loader.cpp */ = {isa = PBXFileReference; fileEncoding = 4; lastKnownFileType = sourcecode.cpp.cpp; path = Loader.cpp; sourceTree = "<group>"; };
		78D91C0B179E716F00F4C6C3 /* Loader.h */ = {isa = PBXFileReference; fileEncoding = 4; lastKnownFileType = sourcecode.c.h; path = Loader.h; sourceTree = "<group>"; };
		78D91C0C179E716F00F4C6C3 /* Loading.cpp */ = {isa = PBXFileReference; fileEncoding = 4; lastKnownFileType = sourcecode.cpp.cpp; path = Loading.cpp; sourceTree = "<group>"; };
		78D91C0D179E716F00F4C6C3 /* Loading.h */ = {isa = PBXFileReference; fileEncoding = 4; lastKnownFileType = sourcecode.c.h; path = Loading.h; sourceTree = "<group>"; };
		78D91C0E179E716F00F4C6C3 /* Menu.cpp */ = {isa = PBXFileReference; fileEncoding = 4; lastKnownFileType = sourcecode.cpp.cpp; path = Menu.cpp; sourceTree = "<group>"; };
		78D91C0F179E716F00F4C6C3 /* Menu.h */ = {isa = PBXFileReference; fileEncoding = 4; lastKnownFileType = sourcecode.c.h; path = Menu.h; sourceTree = "<group>"; };
		78D91C10179E716F00F4C6C3 /* Mode.cpp */ = {isa = PBXFileReference; fileEncoding = 4; lastKnownFileType = sourcecode.cpp.cpp; path = Mode.cpp; sourceTree = "<group>"; };
		78D91C11179E716F00F4C6C3 /* Mode.h */ = {isa = PBXFileReference; fileEncoding = 4; lastKnownFileType = sourcecode.c.h; path = Mode.h; sourceTree = "<group>"; };
		78D91C12179E716F00F4C6C3 /* Progress.cpp */ = {isa = PBXFileReference; fileEncoding = 4; lastKnownFileType = sourcecode.cpp.cpp; path = Progress.cpp; sourceTree = "<group>"; };
		78D91C13179E716F00F4C6C3 /* Progress.h */ = {isa = PBXFileReference; fileEncoding = 4; lastKnownFileType = sourcecode.c.h; path = Progress.h; sourceTree = "<group>"; };
		78D91C14179E716F00F4C6C3 /* Progresses.cpp */ = {isa = PBXFileReference; fileEncoding = 4; lastKnownFileType = sourcecode.cpp.cpp; path = Progresses.cpp; sourceTree = "<group>"; };
		78D91C15179E716F00F4C6C3 /* Progresses.h */ = {isa = PBXFileReference; fileEncoding = 4; lastKnownFileType = sourcecode.c.h; path = Progresses.h; sourceTree = "<group>"; };
		78D91C16179E716F00F4C6C3 /* Settings.cpp */ = {isa = PBXFileReference; fileEncoding = 4; lastKnownFileType = sourcecode.cpp.cpp; path = Settings.cpp; sourceTree = "<group>"; };
		78D91C17179E716F00F4C6C3 /* Settings.h */ = {isa = PBXFileReference; fileEncoding = 4; lastKnownFileType = sourcecode.c.h; path = Settings.h; sourceTree = "<group>"; };
		78D91C18179E716F00F4C6C3 /* Shop.cpp */ = {isa = PBXFileReference; fileEncoding = 4; lastKnownFileType = sourcecode.cpp.cpp; path = Shop.cpp; sourceTree = "<group>"; };
		78D91C19179E716F00F4C6C3 /* Shop.h */ = {isa = PBXFileReference; fileEncoding = 4; lastKnownFileType = sourcecode.c.h; path = Shop.h; sourceTree = "<group>"; };
		78D91C1A179E716F00F4C6C3 /* Splash.cpp */ = {isa = PBXFileReference; fileEncoding = 4; lastKnownFileType = sourcecode.cpp.cpp; path = Splash.cpp; sourceTree = "<group>"; };
		78D91C1B179E716F00F4C6C3 /* Splash.h */ = {isa = PBXFileReference; fileEncoding = 4; lastKnownFileType = sourcecode.c.h; path = Splash.h; sourceTree = "<group>"; };
		78D91C1D179E716F00F4C6C3 /* Template.cpp */ = {isa = PBXFileReference; fileEncoding = 4; lastKnownFileType = sourcecode.cpp.cpp; path = Template.cpp; sourceTree = "<group>"; };
		78D91C1E179E716F00F4C6C3 /* Template.h */ = {isa = PBXFileReference; fileEncoding = 4; lastKnownFileType = sourcecode.c.h; path = Template.h; sourceTree = "<group>"; };
		78D91C20179E716F00F4C6C3 /* CCBlade.cpp */ = {isa = PBXFileReference; fileEncoding = 4; lastKnownFileType = sourcecode.cpp.cpp; path = CCBlade.cpp; sourceTree = "<group>"; };
		78D91C21179E716F00F4C6C3 /* CCBlade.h */ = {isa = PBXFileReference; fileEncoding = 4; lastKnownFileType = sourcecode.c.h; path = CCBlade.h; sourceTree = "<group>"; };
		78D91C22179E716F00F4C6C3 /* TouchTrailLayer.cpp */ = {isa = PBXFileReference; fileEncoding = 4; lastKnownFileType = sourcecode.cpp.cpp; path = TouchTrailLayer.cpp; sourceTree = "<group>"; };
		78D91C23179E716F00F4C6C3 /* TouchTrailLayer.h */ = {isa = PBXFileReference; fileEncoding = 4; lastKnownFileType = sourcecode.c.h; path = TouchTrailLayer.h; sourceTree = "<group>"; };
		78D91C25179E716F00F4C6C3 /* BuyItemList.cpp */ = {isa = PBXFileReference; fileEncoding = 4; lastKnownFileType = sourcecode.cpp.cpp; path = BuyItemList.cpp; sourceTree = "<group>"; };
		78D91C26179E716F00F4C6C3 /* BuyItemList.h */ = {isa = PBXFileReference; fileEncoding = 4; lastKnownFileType = sourcecode.c.h; path = BuyItemList.h; sourceTree = "<group>"; };
		78D91C27179E716F00F4C6C3 /* CreditsList.cpp */ = {isa = PBXFileReference; fileEncoding = 4; lastKnownFileType = sourcecode.cpp.cpp; path = CreditsList.cpp; sourceTree = "<group>"; };
		78D91C28179E716F00F4C6C3 /* CreditsList.h */ = {isa = PBXFileReference; fileEncoding = 4; lastKnownFileType = sourcecode.c.h; path = CreditsList.h; sourceTree = "<group>"; };
		78D91C29179E716F00F4C6C3 /* List.cpp */ = {isa = PBXFileReference; fileEncoding = 4; lastKnownFileType = sourcecode.cpp.cpp; path = List.cpp; sourceTree = "<group>"; };
		78D91C2A179E716F00F4C6C3 /* List.h */ = {isa = PBXFileReference; fileEncoding = 4; lastKnownFileType = sourcecode.c.h; path = List.h; sourceTree = "<group>"; };
		78D91C2B179E716F00F4C6C3 /* ModeHelpList.cpp */ = {isa = PBXFileReference; fileEncoding = 4; lastKnownFileType = sourcecode.cpp.cpp; path = ModeHelpList.cpp; sourceTree = "<group>"; };
		78D91C2C179E716F00F4C6C3 /* ModeHelpList.h */ = {isa = PBXFileReference; fileEncoding = 4; lastKnownFileType = sourcecode.c.h; path = ModeHelpList.h; sourceTree = "<group>"; };
		78D91C2D179E716F00F4C6C3 /* Touchable.cpp */ = {isa = PBXFileReference; fileEncoding = 4; lastKnownFileType = sourcecode.cpp.cpp; path = Touchable.cpp; sourceTree = "<group>"; };
		78D91C2E179E716F00F4C6C3 /* Touchable.h */ = {isa = PBXFileReference; fileEncoding = 4; lastKnownFileType = sourcecode.c.h; path = Touchable.h; sourceTree = "<group>"; };
		78D91C2F179E716F00F4C6C3 /* Utils.cpp */ = {isa = PBXFileReference; fileEncoding = 4; lastKnownFileType = sourcecode.cpp.cpp; path = Utils.cpp; sourceTree = "<group>"; };
		78D91C30179E716F00F4C6C3 /* Utils.h */ = {isa = PBXFileReference; fileEncoding = 4; lastKnownFileType = sourcecode.c.h; path = Utils.h; sourceTree = "<group>"; };
		78DA142F1733EA350005B6D2 /* Export.h */ = {isa = PBXFileReference; fileEncoding = 4; lastKnownFileType = sourcecode.c.h; path = Export.h; sourceTree = "<group>"; };
		78DA14301733EA350005B6D2 /* SimpleAudioEngine.h */ = {isa = PBXFileReference; fileEncoding = 4; lastKnownFileType = sourcecode.c.h; path = SimpleAudioEngine.h; sourceTree = "<group>"; };
		78DA14431733EA350005B6D2 /* CDAudioManager.h */ = {isa = PBXFileReference; fileEncoding = 4; lastKnownFileType = sourcecode.c.h; path = CDAudioManager.h; sourceTree = "<group>"; };
		78DA14441733EA350005B6D2 /* CDAudioManager.m */ = {isa = PBXFileReference; fileEncoding = 4; lastKnownFileType = sourcecode.c.objc; path = CDAudioManager.m; sourceTree = "<group>"; };
		78DA14451733EA350005B6D2 /* CDConfig.h */ = {isa = PBXFileReference; fileEncoding = 4; lastKnownFileType = sourcecode.c.h; path = CDConfig.h; sourceTree = "<group>"; };
		78DA14461733EA350005B6D2 /* CDOpenALSupport.h */ = {isa = PBXFileReference; fileEncoding = 4; lastKnownFileType = sourcecode.c.h; path = CDOpenALSupport.h; sourceTree = "<group>"; };
		78DA14471733EA350005B6D2 /* CDOpenALSupport.m */ = {isa = PBXFileReference; fileEncoding = 4; lastKnownFileType = sourcecode.c.objc; path = CDOpenALSupport.m; sourceTree = "<group>"; };
		78DA14481733EA350005B6D2 /* CDXMacOSXSupport.h */ = {isa = PBXFileReference; fileEncoding = 4; lastKnownFileType = sourcecode.c.h; path = CDXMacOSXSupport.h; sourceTree = "<group>"; };
		78DA14491733EA350005B6D2 /* CDXMacOSXSupport.mm */ = {isa = PBXFileReference; fileEncoding = 4; lastKnownFileType = sourcecode.cpp.objcpp; path = CDXMacOSXSupport.mm; sourceTree = "<group>"; };
		78DA144A1733EA350005B6D2 /* CocosDenshion.h */ = {isa = PBXFileReference; fileEncoding = 4; lastKnownFileType = sourcecode.c.h; path = CocosDenshion.h; sourceTree = "<group>"; };
		78DA144B1733EA350005B6D2 /* CocosDenshion.m */ = {isa = PBXFileReference; fileEncoding = 4; lastKnownFileType = sourcecode.c.objc; path = CocosDenshion.m; sourceTree = "<group>"; };
		78DA144C1733EA350005B6D2 /* SimpleAudioEngine.mm */ = {isa = PBXFileReference; fileEncoding = 4; lastKnownFileType = sourcecode.cpp.objcpp; path = SimpleAudioEngine.mm; sourceTree = "<group>"; };
		78DA144D1733EA350005B6D2 /* SimpleAudioEngine_objc.h */ = {isa = PBXFileReference; fileEncoding = 4; lastKnownFileType = sourcecode.c.h; path = SimpleAudioEngine_objc.h; sourceTree = "<group>"; };
		78DA144E1733EA350005B6D2 /* SimpleAudioEngine_objc.m */ = {isa = PBXFileReference; fileEncoding = 4; lastKnownFileType = sourcecode.c.objc; path = SimpleAudioEngine_objc.m; sourceTree = "<group>"; };
/* End PBXFileReference section */

/* Begin PBXFrameworksBuildPhase section */
		41851B8F15B93C32004083E9 /* Frameworks */ = {
			isa = PBXFrameworksBuildPhase;
			buildActionMask = 2147483647;
			files = (
				78605304174FABF400ACE2D3 /* libz.dylib in Frameworks */,
				41CD6C8F15BF7793005E6F29 /* AppKit.framework in Frameworks */,
				41CD6C9015BF7793005E6F29 /* AudioToolbox.framework in Frameworks */,
				41CD6C9115BF7793005E6F29 /* Cocoa.framework in Frameworks */,
				41CD6C9215BF7793005E6F29 /* CoreFoundation.framework in Frameworks */,
				41CD6C9315BF7793005E6F29 /* Foundation.framework in Frameworks */,
				41CD6C9415BF7793005E6F29 /* OpenAL.framework in Frameworks */,
				41CD6C9515BF7793005E6F29 /* OpenGL.framework in Frameworks */,
				41CD6C9615BF7793005E6F29 /* QuartzCore.framework in Frameworks */,
				78B37D43177E4B0E00773C6A /* libcocos2dx.a in Frameworks */,
			);
			runOnlyForDeploymentPostprocessing = 0;
		};
/* End PBXFrameworksBuildPhase section */

/* Begin PBXGroup section */
		15C156B11683151A00D239F2 /* Products */ = {
			isa = PBXGroup;
			children = (
				15C156B81683151A00D239F2 /* libcocos2dx.a */,
			);
			name = Products;
			sourceTree = "<group>";
		};
		41851B8715B93C32004083E9 = {
			isa = PBXGroup;
			children = (
				78D91B63179E716F00F4C6C3 /* Resources */,
				78D91BB7179E716F00F4C6C3 /* Classes */,
				15C156B01683151A00D239F2 /* cocos2dx.xcodeproj */,
				78DA14181733EA350005B6D2 /* CocosDenshion */,
				41CD6C5E15BF7514005E6F29 /* Frameworks */,
				41CD6C5F15BF7522005E6F29 /* mac */,
				41EFC1BB15BF7AC30083EA95 /* Products */,
			);
			sourceTree = "<group>";
		};
		41CD6C5E15BF7514005E6F29 /* Frameworks */ = {
			isa = PBXGroup;
			children = (
				78B37D42177E4B0E00773C6A /* libcocos2dx.a */,
				78605303174FABF400ACE2D3 /* libz.dylib */,
				41CD6C8715BF7793005E6F29 /* AppKit.framework */,
				41CD6C8815BF7793005E6F29 /* AudioToolbox.framework */,
				41CD6C8915BF7793005E6F29 /* Cocoa.framework */,
				41CD6C8A15BF7793005E6F29 /* CoreFoundation.framework */,
				41CD6C8B15BF7793005E6F29 /* Foundation.framework */,
				41CD6C8C15BF7793005E6F29 /* OpenAL.framework */,
				41CD6C8D15BF7793005E6F29 /* OpenGL.framework */,
				41CD6C8E15BF7793005E6F29 /* QuartzCore.framework */,
			);
			name = Frameworks;
			sourceTree = "<group>";
		};
		41CD6C5F15BF7522005E6F29 /* mac */ = {
			isa = PBXGroup;
			children = (
				78AEFB5F1787609800CD5109 /* Project Birds_Info.plist */,
				41CD6C6215BF7574005E6F29 /* AppController.h */,
				41CD6C6315BF7574005E6F29 /* AppController.mm */,
				41CD6C6415BF7574005E6F29 /* main.m */,
				41CD6C6D15BF7673005E6F29 /* Project Birds_Prefix.pch */,
				41CD6C6715BF7673005E6F29 /* en.lproj */,
			);
			name = mac;
			sourceTree = "<group>";
		};
		41CD6C6715BF7673005E6F29 /* en.lproj */ = {
			isa = PBXGroup;
			children = (
				41CD6C6815BF7673005E6F29 /* InfoPlist.strings */,
				41CD6C6A15BF7673005E6F29 /* MainMenu.xib */,
			);
			path = en.lproj;
			sourceTree = "<group>";
		};
		41EFC1BB15BF7AC30083EA95 /* Products */ = {
			isa = PBXGroup;
			children = (
				41CD6C5115BF748C005E6F29 /* Project Birds.app */,
			);
			name = Products;
			sourceTree = "<group>";
		};
		78D91B63179E716F00F4C6C3 /* Resources */ = {
			isa = PBXGroup;
			children = (
				78D91B64179E716F00F4C6C3 /* Fonts */,
				78D91B66179E716F00F4C6C3 /* Graphics */,
				78D91BA9179E716F00F4C6C3 /* Icons */,
				78D91BAF179E716F00F4C6C3 /* Info.plist */,
				78D91BB0179E716F00F4C6C3 /* intro.mp4 */,
				78D91BB1179E716F00F4C6C3 /* Music */,
				78D91BB5179E716F00F4C6C3 /* Sound */,
			);
			name = Resources;
			path = ../Resources;
			sourceTree = "<group>";
		};
		78D91B64179E716F00F4C6C3 /* Fonts */ = {
			isa = PBXGroup;
			children = (
				78D91B65179E716F00F4C6C3 /* Comic Sans MS.ttf */,
			);
			path = Fonts;
			sourceTree = "<group>";
		};
		78D91B66179E716F00F4C6C3 /* Graphics */ = {
			isa = PBXGroup;
			children = (
				78D91B67179E716F00F4C6C3 /* 1280x720 */,
				78D91BA1179E716F00F4C6C3 /* Resources */,
			);
			path = Graphics;
			sourceTree = "<group>";
		};
		78D91B67179E716F00F4C6C3 /* 1280x720 */ = {
			isa = PBXGroup;
			children = (
				78857F54179EBE6400AB657C /* icon_properties@2x.png */,
				78D91B68179E716F00F4C6C3 /* about_scroll_border@2x.png */,
				78D91B69179E716F00F4C6C3 /* about_scroll_border_small@2x.png */,
				78D91B6A179E716F00F4C6C3 /* about_scroll_fill@2x.png */,
				78D91B6B179E716F00F4C6C3 /* about_scroll_fill_small@2x.png */,
				78D91B6C179E716F00F4C6C3 /* bar_remove@2x.png */,
				78D91B6D179E716F00F4C6C3 /* birds_feather_sprite@2x.png */,
				78D91B6E179E716F00F4C6C3 /* birds_sprite@2x.png */,
				78D91B6F179E716F00F4C6C3 /* btn_mfx_sprite@2x.png */,
				78D91B70179E716F00F4C6C3 /* btn_sprite@2x.png */,
				78D91B71179E716F00F4C6C3 /* choose_box_lvl_sprite@2x.png */,
				78D91B72179E716F00F4C6C3 /* choose_box_name@2x.png */,
				78D91B73179E716F00F4C6C3 /* choose_box_navi_sprite@2x.png */,
				78D91B74179E716F00F4C6C3 /* coins@2x.png */,
				78D91B75179E716F00F4C6C3 /* confety_sprite@2x.png */,
				78D91B76179E716F00F4C6C3 /* dust@2x.png */,
				78D91B77179E716F00F4C6C3 /* end_lvl_bg_popup@2x.png */,
				78D91B78179E716F00F4C6C3 /* end_lvl_bg_sprite@2x.png */,
				78D91B79179E716F00F4C6C3 /* end_lvl_btn_sprite@2x.png */,
				78D91B7A179E716F00F4C6C3 /* end_lvl_star_sprite@2x.png */,
				78D91B7B179E716F00F4C6C3 /* explosion@2x.png */,
				78D91B7C179E716F00F4C6C3 /* flag_sprite_big@2x.png */,
				78D91B7D179E716F00F4C6C3 /* flag_sprite_small@2x.png */,
				78D91B7E179E716F00F4C6C3 /* game_gui_bg_summer@2x copy.png */,
				78D91B7F179E716F00F4C6C3 /* game_gui_bg_summer@2x.png */,
				78D91B80179E716F00F4C6C3 /* game_gui_btn_sprite@2x.png */,
				78D91B81179E716F00F4C6C3 /* get_coins_light@2x.png */,
				78D91B82179E716F00F4C6C3 /* main_menu_bg@2x.png */,
				78D91B83179E716F00F4C6C3 /* main_menu_bg_back@2x.png */,
				78D91B84179E716F00F4C6C3 /* main_menu_btn_bg_play@2x.png */,
				78D91B85179E716F00F4C6C3 /* main_menu_btn_shop@2x.png */,
				78D91B86179E716F00F4C6C3 /* mark@2x.png */,
				78D91B87179E716F00F4C6C3 /* play_btn_animation@2x.png */,
				78D91B88179E716F00F4C6C3 /* popup_bg@2x.png */,
				78D91B89179E716F00F4C6C3 /* popup_btn@2x.png */,
				78D91B8A179E716F00F4C6C3 /* popup_buy_coins_btn_sprite@2x.png */,
				78D91B8B179E716F00F4C6C3 /* popup_darkness@2x.png */,
				78D91B8C179E716F00F4C6C3 /* popup_getcoins_picture@2x.png */,
				78D91B8D179E716F00F4C6C3 /* popup_item_rate_stars@2x.png */,
				78D91B8E179E716F00F4C6C3 /* popup_progress_picture@2x.png */,
				78D91B8F179E716F00F4C6C3 /* popup_quit_picture@2x.png */,
				78D91B90179E716F00F4C6C3 /* popup_quit_picture_light_2@2x.png */,
				78D91B91179E716F00F4C6C3 /* popup_quit_picture_light_main@2x.png */,
				78D91B92179E716F00F4C6C3 /* popup_rate_picture@2x.png */,
				78D91B93179E716F00F4C6C3 /* preload-lvl-bg@2x.png */,
				78D91B94179E716F00F4C6C3 /* preload-lvl-bird@2x.png */,
				78D91B95179E716F00F4C6C3 /* preload-lvl-spiral@2x.png */,
				78D91B96179E716F00F4C6C3 /* preload-lvl-wave@2x.png */,
				78D91B97179E716F00F4C6C3 /* settings_bg@2x.png */,
				78D91B98179E716F00F4C6C3 /* settings_btn_big@2x.png */,
				78D91B99179E716F00F4C6C3 /* settings_lang_check@2x.png */,
				78D91B9A179E716F00F4C6C3 /* shop_item_icon@2x.png */,
				78D91B9B179E716F00F4C6C3 /* shop_money_bg@2x.png */,
				78D91B9C179E716F00F4C6C3 /* shop_shelf_sprite@2x.png */,
				78D91B9D179E716F00F4C6C3 /* shop_wheel@2x.png */,
				78D91B9E179E716F00F4C6C3 /* start_preloader_bar@2x.png */,
				78D91B9F179E716F00F4C6C3 /* start_preloader_bg@2x.png */,
				78D91BA0179E716F00F4C6C3 /* streak0-hd.png */,
			);
			path = 1280x720;
			sourceTree = "<group>";
		};
		78D91BA1179E716F00F4C6C3 /* Resources */ = {
			isa = PBXGroup;
			children = (
				78D91BA2179E716F00F4C6C3 /* iPad-landscape.png */,
				78D91BA3179E716F00F4C6C3 /* iPad-landscape@2x.png */,
				78D91BA4179E716F00F4C6C3 /* iPad-portrait.png */,
				78D91BA5179E716F00F4C6C3 /* iPad-portrait@2x.png */,
				78D91BA6179E716F00F4C6C3 /* iPhone-landscape.png */,
				78D91BA7179E716F00F4C6C3 /* iPhone-landscape@2x.png */,
				78D91BA8179E716F00F4C6C3 /* iPhone5-landscape@2x.png */,
			);
			path = Resources;
			sourceTree = "<group>";
		};
		78D91BA9179E716F00F4C6C3 /* Icons */ = {
			isa = PBXGroup;
			children = (
				78D91BAA179E716F00F4C6C3 /* Icon-36.png */,
				78D91BAB179E716F00F4C6C3 /* Icon-48.png */,
				78D91BAC179E716F00F4C6C3 /* Icon-512.png */,
				78D91BAD179E716F00F4C6C3 /* Icon-72.png */,
				78D91BAE179E716F00F4C6C3 /* Icon-96.png */,
			);
			path = Icons;
			sourceTree = "<group>";
		};
		78D91BB1179E716F00F4C6C3 /* Music */ = {
			isa = PBXGroup;
			children = (
				78D91BB2179E716F00F4C6C3 /* music-1.mp3 */,
				78D91BB3179E716F00F4C6C3 /* music-2.mp3 */,
				78D91BB4179E716F00F4C6C3 /* music-3.mp3 */,
			);
			path = Music;
			sourceTree = "<group>";
		};
		78D91BB5179E716F00F4C6C3 /* Sound */ = {
			isa = PBXGroup;
			children = (
				78D91BB6179E716F00F4C6C3 /* level-end.mp3 */,
			);
			path = Sound;
			sourceTree = "<group>";
		};
		78D91BB7179E716F00F4C6C3 /* Classes */ = {
			isa = PBXGroup;
			children = (
				78D91BB8179E716F00F4C6C3 /* AppDelegate.cpp */,
				78D91BB9179E716F00F4C6C3 /* AppDelegate.h */,
				78D91BBA179E716F00F4C6C3 /* Entities */,
				78D91BD5179E716F00F4C6C3 /* Graphics */,
				78D91BD8179E716F00F4C6C3 /* Managers */,
				78D91BE1179E716F00F4C6C3 /* Options.cpp */,
				78D91BE2179E716F00F4C6C3 /* Options.h */,
				78D91BE3179E716F00F4C6C3 /* Screens */,
				78D91C1C179E716F00F4C6C3 /* Template */,
				78D91C1F179E716F00F4C6C3 /* TEST */,
				78D91C24179E716F00F4C6C3 /* Utils */,
			);
			name = Classes;
			path = ../Classes;
			sourceTree = "<group>";
		};
		78D91BBA179E716F00F4C6C3 /* Entities */ = {
			isa = PBXGroup;
			children = (
				78D91BBB179E716F00F4C6C3 /* Bird.cpp */,
				78D91BBC179E716F00F4C6C3 /* Bird.h */,
				78D91BBD179E716F00F4C6C3 /* Button.cpp */,
				78D91BBE179E716F00F4C6C3 /* Button.h */,
				78D91BBF179E716F00F4C6C3 /* Confetti.cpp */,
				78D91BC0179E716F00F4C6C3 /* Confetti.h */,
				78D91BC1179E716F00F4C6C3 /* Dust.cpp */,
				78D91BC2179E716F00F4C6C3 /* Dust.h */,
				78D91BC3179E716F00F4C6C3 /* Entity.cpp */,
				78D91BC4179E716F00F4C6C3 /* Entity.h */,
				78D91BC5179E716F00F4C6C3 /* Explosion.cpp */,
				78D91BC6179E716F00F4C6C3 /* Explosion.h */,
				78D91BC7179E716F00F4C6C3 /* Feather.cpp */,
				78D91BC8179E716F00F4C6C3 /* Feather.h */,
				78D91BC9179E716F00F4C6C3 /* ImpulseEntity.cpp */,
				78D91BCA179E716F00F4C6C3 /* ImpulseEntity.h */,
				78D91BCB179E716F00F4C6C3 /* Item.cpp */,
				78D91BCC179E716F00F4C6C3 /* Item.h */,
				78D91BCD179E716F00F4C6C3 /* Mark.cpp */,
				78D91BCE179E716F00F4C6C3 /* Mark.h */,
				78D91BCF179E716F00F4C6C3 /* PlayButton.cpp */,
				78D91BD0179E716F00F4C6C3 /* PlayButton.h */,
				78D91BD1179E716F00F4C6C3 /* Star.cpp */,
				78D91BD2179E716F00F4C6C3 /* Star.h */,
				78D91BD3179E716F00F4C6C3 /* Text.cpp */,
				78D91BD4179E716F00F4C6C3 /* Text.h */,
			);
			path = Entities;
			sourceTree = "<group>";
		};
		78D91BD5179E716F00F4C6C3 /* Graphics */ = {
			isa = PBXGroup;
			children = (
				78D91BD6179E716F00F4C6C3 /* Texture.cpp */,
				78D91BD7179E716F00F4C6C3 /* Texture.h */,
			);
			path = Graphics;
			sourceTree = "<group>";
		};
		78D91BD8179E716F00F4C6C3 /* Managers */ = {
			isa = PBXGroup;
			children = (
				78D91BD9179E716F00F4C6C3 /* BatchEntityManager.cpp */,
				78D91BDA179E716F00F4C6C3 /* BatchEntityManager.h */,
				78D91BDB179E716F00F4C6C3 /* ConfettiManager.cpp */,
				78D91BDC179E716F00F4C6C3 /* ConfettiManager.h */,
				78D91BDD179E716F00F4C6C3 /* EntityManager.cpp */,
				78D91BDE179E716F00F4C6C3 /* EntityManager.h */,
				78D91BDF179E716F00F4C6C3 /* ScreenManager.cpp */,
				78D91BE0179E716F00F4C6C3 /* ScreenManager.h */,
			);
			path = Managers;
			sourceTree = "<group>";
		};
		78D91BE3179E716F00F4C6C3 /* Screens */ = {
			isa = PBXGroup;
			children = (
				78D91BE4179E716F00F4C6C3 /* Popup.cpp */,
				78D91BE5179E716F00F4C6C3 /* Popup.h */,
				78D91BE6179E716F00F4C6C3 /* Popups */,
				78D91BF7179E716F00F4C6C3 /* Screen.cpp */,
				78D91BF8179E716F00F4C6C3 /* Screen.h */,
				78D91BF9179E716F00F4C6C3 /* Screens */,
			);
			path = Screens;
			sourceTree = "<group>";
		};
		78D91BE6179E716F00F4C6C3 /* Popups */ = {
			isa = PBXGroup;
			children = (
				78D91BE7179E716F00F4C6C3 /* BuyItem.cpp */,
				78D91BE8179E716F00F4C6C3 /* BuyItem.h */,
				78D91BE9179E716F00F4C6C3 /* Exit.cpp */,
				78D91BEA179E716F00F4C6C3 /* Exit.h */,
				78D91BEB179E716F00F4C6C3 /* GetCoins.cpp */,
				78D91BEC179E716F00F4C6C3 /* GetCoins.h */,
				78D91BED179E716F00F4C6C3 /* ModeHelp.cpp */,
				78D91BEE179E716F00F4C6C3 /* ModeHelp.h */,
				78D91BEF179E716F00F4C6C3 /* Pause.cpp */,
				78D91BF0179E716F00F4C6C3 /* Pause.h */,
				78D91BF1179E716F00F4C6C3 /* PleaseRate.cpp */,
				78D91BF2179E716F00F4C6C3 /* PleaseRate.h */,
				78D91BF3179E716F00F4C6C3 /* ResetProgress.cpp */,
				78D91BF4179E716F00F4C6C3 /* ResetProgress.h */,
				78D91BF5179E716F00F4C6C3 /* Template.cpp */,
				78D91BF6179E716F00F4C6C3 /* Template.h */,
			);
			path = Popups;
			sourceTree = "<group>";
		};
		78D91BF9179E716F00F4C6C3 /* Screens */ = {
			isa = PBXGroup;
			children = (
				78D91BFA179E716F00F4C6C3 /* Arcade.cpp */,
				78D91BFB179E716F00F4C6C3 /* Arcade.h */,
				78D91BFC179E716F00F4C6C3 /* Classic.cpp */,
				78D91BFD179E716F00F4C6C3 /* Classic.h */,
				78D91BFE179E716F00F4C6C3 /* Credits.cpp */,
				78D91BFF179E716F00F4C6C3 /* Credits.h */,
				78D91C00179E716F00F4C6C3 /* End.cpp */,
				78D91C01179E716F00F4C6C3 /* End.h */,
				78D91C02179E716F00F4C6C3 /* Game.cpp */,
				78D91C03179E716F00F4C6C3 /* Game.h */,
				78D91C04179E716F00F4C6C3 /* Language.cpp */,
				78D91C05179E716F00F4C6C3 /* Language.h */,
				78D91C06179E716F00F4C6C3 /* Level.cpp */,
				78D91C07179E716F00F4C6C3 /* Level.h */,
				78D91C08179E716F00F4C6C3 /* Levels.cpp */,
				78D91C09179E716F00F4C6C3 /* Levels.h */,
				78D91C0A179E716F00F4C6C3 /* Loader.cpp */,
				78D91C0B179E716F00F4C6C3 /* Loader.h */,
				78D91C0C179E716F00F4C6C3 /* Loading.cpp */,
				78D91C0D179E716F00F4C6C3 /* Loading.h */,
				78D91C0E179E716F00F4C6C3 /* Menu.cpp */,
				78D91C0F179E716F00F4C6C3 /* Menu.h */,
				78D91C10179E716F00F4C6C3 /* Mode.cpp */,
				78D91C11179E716F00F4C6C3 /* Mode.h */,
				78D91C12179E716F00F4C6C3 /* Progress.cpp */,
				78D91C13179E716F00F4C6C3 /* Progress.h */,
				78D91C14179E716F00F4C6C3 /* Progresses.cpp */,
				78D91C15179E716F00F4C6C3 /* Progresses.h */,
				78D91C16179E716F00F4C6C3 /* Settings.cpp */,
				78D91C17179E716F00F4C6C3 /* Settings.h */,
				78D91C18179E716F00F4C6C3 /* Shop.cpp */,
				78D91C19179E716F00F4C6C3 /* Shop.h */,
				78D91C1A179E716F00F4C6C3 /* Splash.cpp */,
				78D91C1B179E716F00F4C6C3 /* Splash.h */,
			);
			path = Screens;
			sourceTree = "<group>";
		};
		78D91C1C179E716F00F4C6C3 /* Template */ = {
			isa = PBXGroup;
			children = (
				78D91C1D179E716F00F4C6C3 /* Template.cpp */,
				78D91C1E179E716F00F4C6C3 /* Template.h */,
			);
			path = Template;
			sourceTree = "<group>";
		};
		78D91C1F179E716F00F4C6C3 /* TEST */ = {
			isa = PBXGroup;
			children = (
				78D91C20179E716F00F4C6C3 /* CCBlade.cpp */,
				78D91C21179E716F00F4C6C3 /* CCBlade.h */,
				78D91C22179E716F00F4C6C3 /* TouchTrailLayer.cpp */,
				78D91C23179E716F00F4C6C3 /* TouchTrailLayer.h */,
			);
			path = TEST;
			sourceTree = "<group>";
		};
		78D91C24179E716F00F4C6C3 /* Utils */ = {
			isa = PBXGroup;
			children = (
				78D91C25179E716F00F4C6C3 /* BuyItemList.cpp */,
				78D91C26179E716F00F4C6C3 /* BuyItemList.h */,
				78D91C27179E716F00F4C6C3 /* CreditsList.cpp */,
				78D91C28179E716F00F4C6C3 /* CreditsList.h */,
				78D91C29179E716F00F4C6C3 /* List.cpp */,
				78D91C2A179E716F00F4C6C3 /* List.h */,
				78D91C2B179E716F00F4C6C3 /* ModeHelpList.cpp */,
				78D91C2C179E716F00F4C6C3 /* ModeHelpList.h */,
				78D91C2D179E716F00F4C6C3 /* Touchable.cpp */,
				78D91C2E179E716F00F4C6C3 /* Touchable.h */,
				78D91C2F179E716F00F4C6C3 /* Utils.cpp */,
				78D91C30179E716F00F4C6C3 /* Utils.h */,
			);
			path = Utils;
			sourceTree = "<group>";
		};
		78DA14181733EA350005B6D2 /* CocosDenshion */ = {
			isa = PBXGroup;
			children = (
				78DA142E1733EA350005B6D2 /* include */,
				78DA14421733EA350005B6D2 /* mac */,
			);
			name = CocosDenshion;
			path = ../../../CocosDenshion;
			sourceTree = "<group>";
		};
		78DA142E1733EA350005B6D2 /* include */ = {
			isa = PBXGroup;
			children = (
				78DA142F1733EA350005B6D2 /* Export.h */,
				78DA14301733EA350005B6D2 /* SimpleAudioEngine.h */,
			);
			path = include;
			sourceTree = "<group>";
		};
		78DA14421733EA350005B6D2 /* mac */ = {
			isa = PBXGroup;
			children = (
				78DA14431733EA350005B6D2 /* CDAudioManager.h */,
				78DA14441733EA350005B6D2 /* CDAudioManager.m */,
				78DA14451733EA350005B6D2 /* CDConfig.h */,
				78DA14461733EA350005B6D2 /* CDOpenALSupport.h */,
				78DA14471733EA350005B6D2 /* CDOpenALSupport.m */,
				78DA14481733EA350005B6D2 /* CDXMacOSXSupport.h */,
				78DA14491733EA350005B6D2 /* CDXMacOSXSupport.mm */,
				78DA144A1733EA350005B6D2 /* CocosDenshion.h */,
				78DA144B1733EA350005B6D2 /* CocosDenshion.m */,
				78DA144C1733EA350005B6D2 /* SimpleAudioEngine.mm */,
				78DA144D1733EA350005B6D2 /* SimpleAudioEngine_objc.h */,
				78DA144E1733EA350005B6D2 /* SimpleAudioEngine_objc.m */,
			);
			path = mac;
			sourceTree = "<group>";
		};
/* End PBXGroup section */

/* Begin PBXNativeTarget section */
		41851B9115B93C32004083E9 /* Project Birds */ = {
			isa = PBXNativeTarget;
			buildConfigurationList = 41851BB015B93C33004083E9 /* Build configuration list for PBXNativeTarget "Project Birds" */;
			buildPhases = (
				41851B8E15B93C32004083E9 /* Sources */,
				41851B8F15B93C32004083E9 /* Frameworks */,
				41851B9015B93C32004083E9 /* Resources */,
			);
			buildRules = (
			);
			dependencies = (
				15C156BA1683155000D239F2 /* PBXTargetDependency */,
			);
			name = "Project Birds";
			productName = Paralaxer;
			productReference = 41CD6C5115BF748C005E6F29 /* Project Birds.app */;
			productType = "com.apple.product-type.application";
		};
/* End PBXNativeTarget section */

/* Begin PBXProject section */
		41851B8915B93C32004083E9 /* Project object */ = {
			isa = PBXProject;
			attributes = {
				LastUpgradeCheck = 0420;
				ORGANIZATIONNAME = "Bullets in a Burning Box, Inc.";
			};
			buildConfigurationList = 41851B8C15B93C32004083E9 /* Build configuration list for PBXProject "Project Birds" */;
			compatibilityVersion = "Xcode 3.2";
			developmentRegion = English;
			hasScannedForEncodings = 0;
			knownRegions = (
				en,
			);
			mainGroup = 41851B8715B93C32004083E9;
			productRefGroup = 41851B8715B93C32004083E9;
			projectDirPath = "";
			projectReferences = (
				{
					ProductGroup = 15C156B11683151A00D239F2 /* Products */;
					ProjectRef = 15C156B01683151A00D239F2 /* cocos2dx.xcodeproj */;
				},
			);
			projectRoot = "";
			targets = (
				41851B9115B93C32004083E9 /* Project Birds */,
			);
		};
/* End PBXProject section */

/* Begin PBXReferenceProxy section */
		15C156B81683151A00D239F2 /* libcocos2dx.a */ = {
			isa = PBXReferenceProxy;
			fileType = archive.ar;
			path = libcocos2dx.a;
			remoteRef = 15C156B71683151A00D239F2 /* PBXContainerItemProxy */;
			sourceTree = BUILT_PRODUCTS_DIR;
		};
/* End PBXReferenceProxy section */

/* Begin PBXResourcesBuildPhase section */
		41851B9015B93C32004083E9 /* Resources */ = {
			isa = PBXResourcesBuildPhase;
			buildActionMask = 2147483647;
			files = (
				41CD6C6E15BF7673005E6F29 /* InfoPlist.strings in Resources */,
				41CD6C6F15BF7673005E6F29 /* MainMenu.xib in Resources */,
				78AEFB601787609800CD5109 /* Project Birds_Info.plist in Resources */,
				78D91C31179E716F00F4C6C3 /* Comic Sans MS.ttf in Resources */,
				78D91C32179E716F00F4C6C3 /* about_scroll_border@2x.png in Resources */,
				78D91C33179E716F00F4C6C3 /* about_scroll_border_small@2x.png in Resources */,
				78D91C34179E716F00F4C6C3 /* about_scroll_fill@2x.png in Resources */,
				78D91C35179E716F00F4C6C3 /* about_scroll_fill_small@2x.png in Resources */,
				78D91C36179E716F00F4C6C3 /* bar_remove@2x.png in Resources */,
				78D91C37179E716F00F4C6C3 /* birds_feather_sprite@2x.png in Resources */,
				78D91C38179E716F00F4C6C3 /* birds_sprite@2x.png in Resources */,
				78D91C39179E716F00F4C6C3 /* btn_mfx_sprite@2x.png in Resources */,
				78D91C3A179E716F00F4C6C3 /* btn_sprite@2x.png in Resources */,
				78D91C3B179E716F00F4C6C3 /* choose_box_lvl_sprite@2x.png in Resources */,
				78D91C3C179E716F00F4C6C3 /* choose_box_name@2x.png in Resources */,
				78D91C3D179E716F00F4C6C3 /* choose_box_navi_sprite@2x.png in Resources */,
				78D91C3E179E716F00F4C6C3 /* coins@2x.png in Resources */,
				78D91C3F179E716F00F4C6C3 /* confety_sprite@2x.png in Resources */,
				78D91C40179E716F00F4C6C3 /* dust@2x.png in Resources */,
				78D91C41179E716F00F4C6C3 /* end_lvl_bg_popup@2x.png in Resources */,
				78D91C42179E716F00F4C6C3 /* end_lvl_bg_sprite@2x.png in Resources */,
				78D91C43179E716F00F4C6C3 /* end_lvl_btn_sprite@2x.png in Resources */,
				78D91C44179E716F00F4C6C3 /* end_lvl_star_sprite@2x.png in Resources */,
				78D91C45179E716F00F4C6C3 /* explosion@2x.png in Resources */,
				78D91C46179E716F00F4C6C3 /* flag_sprite_big@2x.png in Resources */,
				78D91C47179E716F00F4C6C3 /* flag_sprite_small@2x.png in Resources */,
				78D91C48179E716F00F4C6C3 /* game_gui_bg_summer@2x copy.png in Resources */,
				78D91C49179E716F00F4C6C3 /* game_gui_bg_summer@2x.png in Resources */,
				78D91C4A179E716F00F4C6C3 /* game_gui_btn_sprite@2x.png in Resources */,
				78D91C4B179E716F00F4C6C3 /* get_coins_light@2x.png in Resources */,
				78D91C4C179E716F00F4C6C3 /* main_menu_bg@2x.png in Resources */,
				78D91C4D179E716F00F4C6C3 /* main_menu_bg_back@2x.png in Resources */,
				78D91C4E179E716F00F4C6C3 /* main_menu_btn_bg_play@2x.png in Resources */,
				78D91C4F179E716F00F4C6C3 /* main_menu_btn_shop@2x.png in Resources */,
				78D91C50179E716F00F4C6C3 /* mark@2x.png in Resources */,
				78D91C51179E716F00F4C6C3 /* play_btn_animation@2x.png in Resources */,
				78D91C52179E716F00F4C6C3 /* popup_bg@2x.png in Resources */,
				78D91C53179E716F00F4C6C3 /* popup_btn@2x.png in Resources */,
				78D91C54179E716F00F4C6C3 /* popup_buy_coins_btn_sprite@2x.png in Resources */,
				78D91C55179E716F00F4C6C3 /* popup_darkness@2x.png in Resources */,
				78D91C56179E716F00F4C6C3 /* popup_getcoins_picture@2x.png in Resources */,
				78D91C57179E716F00F4C6C3 /* popup_item_rate_stars@2x.png in Resources */,
				78D91C58179E716F00F4C6C3 /* popup_progress_picture@2x.png in Resources */,
				78D91C59179E716F00F4C6C3 /* popup_quit_picture@2x.png in Resources */,
				78D91C5A179E716F00F4C6C3 /* popup_quit_picture_light_2@2x.png in Resources */,
				78D91C5B179E716F00F4C6C3 /* popup_quit_picture_light_main@2x.png in Resources */,
				78D91C5C179E716F00F4C6C3 /* popup_rate_picture@2x.png in Resources */,
				78D91C5D179E716F00F4C6C3 /* preload-lvl-bg@2x.png in Resources */,
				78D91C5E179E716F00F4C6C3 /* preload-lvl-bird@2x.png in Resources */,
				78D91C5F179E716F00F4C6C3 /* preload-lvl-spiral@2x.png in Resources */,
				78D91C60179E716F00F4C6C3 /* preload-lvl-wave@2x.png in Resources */,
				78D91C61179E716F00F4C6C3 /* settings_bg@2x.png in Resources */,
				78D91C62179E716F00F4C6C3 /* settings_btn_big@2x.png in Resources */,
				78D91C63179E716F00F4C6C3 /* settings_lang_check@2x.png in Resources */,
				78D91C64179E716F00F4C6C3 /* shop_item_icon@2x.png in Resources */,
				78D91C65179E716F00F4C6C3 /* shop_money_bg@2x.png in Resources */,
				78D91C66179E716F00F4C6C3 /* shop_shelf_sprite@2x.png in Resources */,
				78D91C67179E716F00F4C6C3 /* shop_wheel@2x.png in Resources */,
				78D91C68179E716F00F4C6C3 /* start_preloader_bar@2x.png in Resources */,
				78D91C69179E716F00F4C6C3 /* start_preloader_bg@2x.png in Resources */,
				78D91C6A179E716F00F4C6C3 /* streak0-hd.png in Resources */,
				78D91C6B179E716F00F4C6C3 /* iPad-landscape.png in Resources */,
				78D91C6C179E716F00F4C6C3 /* iPad-landscape@2x.png in Resources */,
				78D91C6D179E716F00F4C6C3 /* iPad-portrait.png in Resources */,
				78D91C6E179E716F00F4C6C3 /* iPad-portrait@2x.png in Resources */,
				78D91C6F179E716F00F4C6C3 /* iPhone-landscape.png in Resources */,
				78D91C70179E716F00F4C6C3 /* iPhone-landscape@2x.png in Resources */,
				78D91C71179E716F00F4C6C3 /* iPhone5-landscape@2x.png in Resources */,
				78D91C72179E716F00F4C6C3 /* Icon-36.png in Resources */,
				78D91C73179E716F00F4C6C3 /* Icon-48.png in Resources */,
				78D91C74179E716F00F4C6C3 /* Icon-512.png in Resources */,
				78D91C75179E716F00F4C6C3 /* Icon-72.png in Resources */,
				78D91C76179E716F00F4C6C3 /* Icon-96.png in Resources */,
				78D91C77179E716F00F4C6C3 /* Info.plist in Resources */,
				78D91C78179E716F00F4C6C3 /* intro.mp4 in Resources */,
				78D91C79179E716F00F4C6C3 /* music-1.mp3 in Resources */,
				78D91C7A179E716F00F4C6C3 /* music-2.mp3 in Resources */,
				78D91C7B179E716F00F4C6C3 /* music-3.mp3 in Resources */,
				78D91C7C179E716F00F4C6C3 /* level-end.mp3 in Resources */,
				78857F55179EBE6400AB657C /* icon_properties@2x.png in Resources */,
			);
			runOnlyForDeploymentPostprocessing = 0;
		};
/* End PBXResourcesBuildPhase section */

/* Begin PBXSourcesBuildPhase section */
		41851B8E15B93C32004083E9 /* Sources */ = {
			isa = PBXSourcesBuildPhase;
			buildActionMask = 2147483647;
			files = (
				41CD6C6515BF7574005E6F29 /* AppController.mm in Sources */,
				41CD6C6615BF7574005E6F29 /* main.m in Sources */,
				78DA14A71733EA360005B6D2 /* CDAudioManager.m in Sources */,
				78DA14A81733EA360005B6D2 /* CDOpenALSupport.m in Sources */,
				78DA14A91733EA360005B6D2 /* CDXMacOSXSupport.mm in Sources */,
				78DA14AA1733EA360005B6D2 /* CocosDenshion.m in Sources */,
				78DA14AB1733EA360005B6D2 /* SimpleAudioEngine.mm in Sources */,
				78DA14AC1733EA360005B6D2 /* SimpleAudioEngine_objc.m in Sources */,
				78D91C7D179E716F00F4C6C3 /* AppDelegate.cpp in Sources */,
				78D91C7E179E716F00F4C6C3 /* Bird.cpp in Sources */,
				78D91C7F179E716F00F4C6C3 /* Button.cpp in Sources */,
				78D91C80179E716F00F4C6C3 /* Confetti.cpp in Sources */,
				78D91C81179E716F00F4C6C3 /* Dust.cpp in Sources */,
				78D91C82179E716F00F4C6C3 /* Entity.cpp in Sources */,
				78D91C83179E716F00F4C6C3 /* Explosion.cpp in Sources */,
				78D91C84179E716F00F4C6C3 /* Feather.cpp in Sources */,
				78D91C85179E716F00F4C6C3 /* ImpulseEntity.cpp in Sources */,
				78D91C86179E716F00F4C6C3 /* Item.cpp in Sources */,
				78D91C87179E716F00F4C6C3 /* Mark.cpp in Sources */,
				78D91C88179E716F00F4C6C3 /* PlayButton.cpp in Sources */,
				78D91C89179E716F00F4C6C3 /* Star.cpp in Sources */,
				78D91C8A179E716F00F4C6C3 /* Text.cpp in Sources */,
				78D91C8B179E716F00F4C6C3 /* Texture.cpp in Sources */,
				78D91C8C179E716F00F4C6C3 /* BatchEntityManager.cpp in Sources */,
				78D91C8D179E716F00F4C6C3 /* ConfettiManager.cpp in Sources */,
				78D91C8E179E716F00F4C6C3 /* EntityManager.cpp in Sources */,
				78D91C8F179E716F00F4C6C3 /* ScreenManager.cpp in Sources */,
				78D91C90179E716F00F4C6C3 /* Options.cpp in Sources */,
				78D91C91179E716F00F4C6C3 /* Popup.cpp in Sources */,
				78D91C92179E716F00F4C6C3 /* BuyItem.cpp in Sources */,
				78D91C93179E716F00F4C6C3 /* Exit.cpp in Sources */,
				78D91C94179E716F00F4C6C3 /* GetCoins.cpp in Sources */,
				78D91C95179E716F00F4C6C3 /* ModeHelp.cpp in Sources */,
				78D91C96179E716F00F4C6C3 /* Pause.cpp in Sources */,
				78D91C97179E716F00F4C6C3 /* PleaseRate.cpp in Sources */,
				78D91C98179E716F00F4C6C3 /* ResetProgress.cpp in Sources */,
				78D91C99179E716F00F4C6C3 /* Template.cpp in Sources */,
				78D91C9A179E716F00F4C6C3 /* Screen.cpp in Sources */,
				78D91C9B179E716F00F4C6C3 /* Arcade.cpp in Sources */,
				78D91C9C179E716F00F4C6C3 /* Classic.cpp in Sources */,
				78D91C9D179E716F00F4C6C3 /* Credits.cpp in Sources */,
				78D91C9E179E716F00F4C6C3 /* End.cpp in Sources */,
				78D91C9F179E716F00F4C6C3 /* Game.cpp in Sources */,
				78D91CA0179E716F00F4C6C3 /* Language.cpp in Sources */,
				78D91CA1179E716F00F4C6C3 /* Level.cpp in Sources */,
				78D91CA2179E716F00F4C6C3 /* Levels.cpp in Sources */,
				78D91CA3179E716F00F4C6C3 /* Loader.cpp in Sources */,
				78D91CA4179E716F00F4C6C3 /* Loading.cpp in Sources */,
				78D91CA5179E716F00F4C6C3 /* Menu.cpp in Sources */,
				78D91CA6179E716F00F4C6C3 /* Mode.cpp in Sources */,
				78D91CA7179E716F00F4C6C3 /* Progress.cpp in Sources */,
				78D91CA8179E716F00F4C6C3 /* Progresses.cpp in Sources */,
				78D91CA9179E716F00F4C6C3 /* Settings.cpp in Sources */,
				78D91CAA179E716F00F4C6C3 /* Shop.cpp in Sources */,
				78D91CAB179E716F00F4C6C3 /* Splash.cpp in Sources */,
				78D91CAC179E716F00F4C6C3 /* Template.cpp in Sources */,
				78D91CAD179E716F00F4C6C3 /* CCBlade.cpp in Sources */,
				78D91CAE179E716F00F4C6C3 /* TouchTrailLayer.cpp in Sources */,
				78D91CAF179E716F00F4C6C3 /* BuyItemList.cpp in Sources */,
				78D91CB0179E716F00F4C6C3 /* CreditsList.cpp in Sources */,
				78D91CB1179E716F00F4C6C3 /* List.cpp in Sources */,
				78D91CB2179E716F00F4C6C3 /* ModeHelpList.cpp in Sources */,
				78D91CB3179E716F00F4C6C3 /* Touchable.cpp in Sources */,
				78D91CB4179E716F00F4C6C3 /* Utils.cpp in Sources */,
			);
			runOnlyForDeploymentPostprocessing = 0;
		};
/* End PBXSourcesBuildPhase section */

/* Begin PBXTargetDependency section */
		15C156BA1683155000D239F2 /* PBXTargetDependency */ = {
			isa = PBXTargetDependency;
			name = cocos2dx;
			targetProxy = 15C156B91683155000D239F2 /* PBXContainerItemProxy */;
		};
/* End PBXTargetDependency section */

/* Begin PBXVariantGroup section */
		41CD6C6815BF7673005E6F29 /* InfoPlist.strings */ = {
			isa = PBXVariantGroup;
			children = (
				41CD6C6915BF7673005E6F29 /* en */,
			);
			name = InfoPlist.strings;
			sourceTree = "<group>";
		};
		41CD6C6A15BF7673005E6F29 /* MainMenu.xib */ = {
			isa = PBXVariantGroup;
			children = (
				41CD6C6B15BF7673005E6F29 /* en */,
			);
			name = MainMenu.xib;
			sourceTree = "<group>";
		};
/* End PBXVariantGroup section */

/* Begin XCBuildConfiguration section */
		41851BAE15B93C33004083E9 /* Debug */ = {
			isa = XCBuildConfiguration;
			buildSettings = {
				ALWAYS_SEARCH_USER_PATHS = NO;
				ARCHS = "$(ARCHS_STANDARD_32_64_BIT)";
				COPY_PHASE_STRIP = NO;
				GCC_C_LANGUAGE_STANDARD = "compiler-default";
				GCC_DYNAMIC_NO_PIC = NO;
				GCC_ENABLE_OBJC_EXCEPTIONS = YES;
				GCC_OPTIMIZATION_LEVEL = 0;
				GCC_PREPROCESSOR_DEFINITIONS = (
					"DEBUG=1",
					"$(inherited)",
				);
				GCC_SYMBOLS_PRIVATE_EXTERN = NO;
				GCC_VERSION = com.apple.compilers.llvm.clang.1_0;
				GCC_WARN_64_TO_32_BIT_CONVERSION = YES;
				GCC_WARN_ABOUT_MISSING_PROTOTYPES = YES;
				GCC_WARN_ABOUT_RETURN_TYPE = YES;
				GCC_WARN_UNUSED_VARIABLE = YES;
				MACOSX_DEPLOYMENT_TARGET = 10.6;
				ONLY_ACTIVE_ARCH = YES;
				SDKROOT = macosx;
			};
			name = Debug;
		};
		41851BAF15B93C33004083E9 /* Release */ = {
			isa = XCBuildConfiguration;
			buildSettings = {
				ALWAYS_SEARCH_USER_PATHS = NO;
				ARCHS = "$(ARCHS_STANDARD_32_64_BIT)";
				COPY_PHASE_STRIP = YES;
				DEBUG_INFORMATION_FORMAT = "dwarf-with-dsym";
				GCC_C_LANGUAGE_STANDARD = "compiler-default";
				GCC_ENABLE_OBJC_EXCEPTIONS = YES;
				GCC_VERSION = com.apple.compilers.llvm.clang.1_0;
				GCC_WARN_64_TO_32_BIT_CONVERSION = YES;
				GCC_WARN_ABOUT_MISSING_PROTOTYPES = YES;
				GCC_WARN_ABOUT_RETURN_TYPE = YES;
				GCC_WARN_UNUSED_VARIABLE = YES;
				MACOSX_DEPLOYMENT_TARGET = 10.6;
				SDKROOT = macosx;
			};
			name = Release;
		};
		41851BB115B93C33004083E9 /* Debug */ = {
			isa = XCBuildConfiguration;
			buildSettings = {
				ARCHS = "$(ARCHS_STANDARD_32_64_BIT)";
				CLANG_CXX_LANGUAGE_STANDARD = "compiler-default";
				GCC_C_LANGUAGE_STANDARD = "compiler-default";
				GCC_INLINES_ARE_PRIVATE_EXTERN = NO;
				GCC_PRECOMPILE_PREFIX_HEADER = YES;
				GCC_PREFIX_HEADER = "Project Birds_Prefix.pch";
				GCC_PREPROCESSOR_DEFINITIONS = (
					CC_TARGET_OS_MAC,
					"DEBUG=1",
					USE_FILE32API,
					"$(inherited)",
				);
				GCC_VERSION = "";
				GCC_WARN_64_TO_32_BIT_CONVERSION = NO;
				GCC_WARN_ABOUT_MISSING_PROTOTYPES = NO;
				HEADER_SEARCH_PATHS = (
					"\"$(SDKROOT)/usr/include/libxml2/\"",
					"\"$(SRCROOT)/../../../cocos2dx/include\"",
					"\"$(SRCROOT)/../../../cocos2dx\"",
					"\"$(SRCROOT)/../../../cocos2dx/platform/mac\"",
					"\"$(SRCROOT)/../../../cocos2dx/kazmath/include\"",
					"\"$(SRCROOT)/../../../external/Box2D\"",
					"\"$(SRCROOT)/../../../external/\"",
				);
				INFOPLIST_FILE = "Project Birds_Info.plist";
				LIBRARY_SEARCH_PATHS = (
					"$(inherited)",
					"\"$(SRCROOT)/../../../CocosDenshion/third_party/blackberry/libraries/armle-v7\"",
					"\"$(SRCROOT)/../../../CocosDenshion/third_party/blackberry/libraries/x86\"",
					"\"$(SRCROOT)\"",
				);
				MACOSX_DEPLOYMENT_TARGET = 10.8;
				OTHER_CPLUSPLUSFLAGS = "$(OTHER_CFLAGS)";
				OTHER_LDFLAGS = "";
				PRODUCT_NAME = "Project Birds";
				WRAPPER_EXTENSION = app;
			};
			name = Debug;
		};
		41851BB215B93C33004083E9 /* Release */ = {
			isa = XCBuildConfiguration;
			buildSettings = {
				ARCHS = "$(ARCHS_STANDARD_32_64_BIT)";
				CLANG_CXX_LANGUAGE_STANDARD = "compiler-default";
				GCC_C_LANGUAGE_STANDARD = "compiler-default";
				GCC_INLINES_ARE_PRIVATE_EXTERN = NO;
				GCC_PRECOMPILE_PREFIX_HEADER = YES;
				GCC_PREFIX_HEADER = "Project Birds_Prefix.pch";
				GCC_PREPROCESSOR_DEFINITIONS = (
					USE_FILE32API,
					CC_TARGET_OS_MAC,
				);
				GCC_SYMBOLS_PRIVATE_EXTERN = NO;
				GCC_VERSION = "";
				GCC_WARN_64_TO_32_BIT_CONVERSION = NO;
				GCC_WARN_ABOUT_MISSING_PROTOTYPES = NO;
				HEADER_SEARCH_PATHS = (
					"\"$(SDKROOT)/usr/include/libxml2/\"",
					"\"$(SRCROOT)/../../../cocos2dx/include\"",
					"\"$(SRCROOT)/../../../cocos2dx\"",
					"\"$(SRCROOT)/../../../cocos2dx/platform/mac\"",
					"\"$(SRCROOT)/../../../cocos2dx/kazmath/include\"",
					"\"$(SRCROOT)/../../../external/Box2D\"",
					"\"$(SRCROOT)/../../../external/\"",
				);
				INFOPLIST_FILE = "Project Birds_Info.plist";
				LIBRARY_SEARCH_PATHS = (
					"$(inherited)",
					"\"$(SRCROOT)/../../../CocosDenshion/third_party/blackberry/libraries/armle-v7\"",
					"\"$(SRCROOT)/../../../CocosDenshion/third_party/blackberry/libraries/x86\"",
					"\"$(SRCROOT)\"",
				);
				MACOSX_DEPLOYMENT_TARGET = 10.8;
				OTHER_CPLUSPLUSFLAGS = "$(OTHER_CFLAGS)";
				OTHER_LDFLAGS = "";
				PRODUCT_NAME = "Project Birds";
				WRAPPER_EXTENSION = app;
			};
			name = Release;
		};
/* End XCBuildConfiguration section */

/* Begin XCConfigurationList section */
		41851B8C15B93C32004083E9 /* Build configuration list for PBXProject "Project Birds" */ = {
			isa = XCConfigurationList;
			buildConfigurations = (
				41851BAE15B93C33004083E9 /* Debug */,
				41851BAF15B93C33004083E9 /* Release */,
			);
			defaultConfigurationIsVisible = 0;
			defaultConfigurationName = Release;
		};
		41851BB015B93C33004083E9 /* Build configuration list for PBXNativeTarget "Project Birds" */ = {
			isa = XCConfigurationList;
			buildConfigurations = (
				41851BB115B93C33004083E9 /* Debug */,
				41851BB215B93C33004083E9 /* Release */,
			);
			defaultConfigurationIsVisible = 0;
			defaultConfigurationName = Release;
		};
/* End XCConfigurationList section */
	};
	rootObject = 41851B8915B93C32004083E9 /* Project object */;
}
